// !$*UTF8*$!
{
	archiveVersion = 1;
	classes = {
	};
	objectVersion = 77;
	objects = {

/* Begin PBXBuildFile section */
		042A853E49170C21D7F188F0 /* Workout.swift in Sources */ = {isa = PBXBuildFile; fileRef = 42E4B312EBFA72858B793511 /* Workout.swift */; };
		07611EF80B3EC66A91059CE3 /* PillarBalance.swift in Sources */ = {isa = PBXBuildFile; fileRef = 091209B1B5A46FF7392DECF6 /* PillarBalance.swift */; };
		090B889E5B861570BA17591C /* ServiceContainer.swift in Sources */ = {isa = PBXBuildFile; fileRef = A6975414286769AC0083EC51 /* ServiceContainer.swift */; };
		094AF2DB0441BB8C409951DD /* ConsistencyTrendTests.swift in Sources */ = {isa = PBXBuildFile; fileRef = 7AD01D5E0475B70F74ABB4E9 /* ConsistencyTrendTests.swift */; };
		0C6DFAF447196E9C5F4CD45C /* HealthKitWorkoutSample.swift in Sources */ = {isa = PBXBuildFile; fileRef = A31E4D422F35E3182D5DC5A6 /* HealthKitWorkoutSample.swift */; };
		0E444602C9858D9B371A9037 /* SessionCompletionService.swift in Sources */ = {isa = PBXBuildFile; fileRef = 73A84087E2FB0CE51800B2EA /* SessionCompletionService.swift */; };
		12AD743EF8B9F2EB8F6C818E /* Enums.swift in Sources */ = {isa = PBXBuildFile; fileRef = 097FE325486215F1A5A4295D /* Enums.swift */; };
		17B380CAE95DB0913BD29237 /* PolicyNote.swift in Sources */ = {isa = PBXBuildFile; fileRef = EBD9B7673226F77147653900 /* PolicyNote.swift */; };
		1B561F60BFA77F75B395CAC1 /* AppleAuthService.swift in Sources */ = {isa = PBXBuildFile; fileRef = 149F5CFE377C67052F3CB3D4 /* AppleAuthService.swift */; };
		1BD73CAAF550F549E0191E59 /* ProgressAnalytics.swift in Sources */ = {isa = PBXBuildFile; fileRef = F7FC0771E8E6FD52B4A46503 /* ProgressAnalytics.swift */; };
		1EF0770DC07230E331375E07 /* PlateauDiagnosis.swift in Sources */ = {isa = PBXBuildFile; fileRef = 939D3C7C9240D310489F4F50 /* PlateauDiagnosis.swift */; };
		1F3F4AE451DE5F567C42424C /* ColdStartSeedingTests.swift in Sources */ = {isa = PBXBuildFile; fileRef = 9DB71C842D4B5068D0BE2A24 /* ColdStartSeedingTests.swift */; };
		1F6322D52380E23273F8587E /* ProxyVarietyLanguageProvider.swift in Sources */ = {isa = PBXBuildFile; fileRef = 8497342E025963A5B26112CE /* ProxyVarietyLanguageProvider.swift */; };
		28A46C3A28D69EF61CF35BC8 /* ExercisePoolFilter.swift in Sources */ = {isa = PBXBuildFile; fileRef = 43DFD3CF27AEE125FBD967E0 /* ExercisePoolFilter.swift */; };
		29C93798CF32DE1DE8467A90 /* VarietyLanguageResolver.swift in Sources */ = {isa = PBXBuildFile; fileRef = 075ACF6329C238B7F9BC7BE3 /* VarietyLanguageResolver.swift */; };
		2BBF069538FEA1EE58CE438B /* MovementPatternFocusTests.swift in Sources */ = {isa = PBXBuildFile; fileRef = 4092748ECF949F0824396527 /* MovementPatternFocusTests.swift */; };
		2E071AD16D4ED94C69811876 /* DeterministicSessionPolicyService.swift in Sources */ = {isa = PBXBuildFile; fileRef = B3DFAF1D54CBC37B12F586C5 /* DeterministicSessionPolicyService.swift */; };
		2FA7F3AC568F1398703F452E /* SessionAssemblyTests.swift in Sources */ = {isa = PBXBuildFile; fileRef = DCB59EA4B2D8F1A2D084D7EB /* SessionAssemblyTests.swift */; };
		2FBA69D3EEA7CFE0358AF4F2 /* Exercise.swift in Sources */ = {isa = PBXBuildFile; fileRef = DB8F1E3A055E19A13DD51674 /* Exercise.swift */; };
		3039EFC728F8E3C94FDFEA7A /* ExerciseLibraryTests.swift in Sources */ = {isa = PBXBuildFile; fileRef = A49146F340F6CB397E03C10E /* ExerciseLibraryTests.swift */; };
		30876E3D75E91139E3CFD299 /* CDSessionPolicy.swift in Sources */ = {isa = PBXBuildFile; fileRef = 9ED42B9B6FE8C3F4ADE1B2F0 /* CDSessionPolicy.swift */; };
		329CF27C4A7185154F32F374 /* ProgressTabView.swift in Sources */ = {isa = PBXBuildFile; fileRef = 877D1A417062B7D80BCE7DAD /* ProgressTabView.swift */; };
		32D91952D4A8C709A1544FA0 /* CoreDataActiveSessionStore.swift in Sources */ = {isa = PBXBuildFile; fileRef = ACA18D387331C063EDBD1C78 /* CoreDataActiveSessionStore.swift */; };
		33932CCDAFF9E413D0259734 /* PersistenceCoding.swift in Sources */ = {isa = PBXBuildFile; fileRef = DE82740204F95416749519EE /* PersistenceCoding.swift */; };
		3513401F60C0E15E83B8966C /* PersistenceTests.swift in Sources */ = {isa = PBXBuildFile; fileRef = B7700923EBF15CCFA71D03F2 /* PersistenceTests.swift */; };
		3796B458B3566E68D8524051 /* ModelsTests.swift in Sources */ = {isa = PBXBuildFile; fileRef = 83A6D5A93BFD4B43C1202CA7 /* ModelsTests.swift */; };
		3B7D358BB8549795547A2101 /* PolicyNoteTests.swift in Sources */ = {isa = PBXBuildFile; fileRef = 521C8C44B1CF138678277490 /* PolicyNoteTests.swift */; };
		3E613AE157C5D162C971D3C3 /* AppState.swift in Sources */ = {isa = PBXBuildFile; fileRef = EA32171316EB189D11B068A4 /* AppState.swift */; };
		4817C47C7A8DC93B092F119B /* PaywallViewModel.swift in Sources */ = {isa = PBXBuildFile; fileRef = 24B8A1FF59EFC2CA17853FA7 /* PaywallViewModel.swift */; };
		49FE96A71C1A134F13F286C8 /* LiveStoreKitFacade.swift in Sources */ = {isa = PBXBuildFile; fileRef = EC678C665BB1A617249D686F /* LiveStoreKitFacade.swift */; };
		4A1E7F804F876B660601C35A /* FitSnackApp.swift in Sources */ = {isa = PBXBuildFile; fileRef = FEF9FF0DBD8FC369281E1A88 /* FitSnackApp.swift */; };
		4AA0381493052AA2BC68DAE6 /* CDWorkoutLog.swift in Sources */ = {isa = PBXBuildFile; fileRef = A4EE94999F5BD556DC9617E9 /* CDWorkoutLog.swift */; };
		4B9EA5EA44B463B4D3D884B9 /* USE01RangeEvidenceTests.swift in Sources */ = {isa = PBXBuildFile; fileRef = 564AAF6885AFFD5DA2BFDA0E /* USE01RangeEvidenceTests.swift */; };
		4D0867101D386A75E54F4865 /* ActiveSessionStore.swift in Sources */ = {isa = PBXBuildFile; fileRef = 7863C6D09242E8262C152F35 /* ActiveSessionStore.swift */; };
		4D7C2C0C79B38C22E6145D99 /* EnumsTests.swift in Sources */ = {isa = PBXBuildFile; fileRef = D641BBBE178A9237F0AE4110 /* EnumsTests.swift */; };
		4F77D07E60391076ADF82D36 /* ReadyView.swift in Sources */ = {isa = PBXBuildFile; fileRef = E5A922A7B308EF35A73F4D0D /* ReadyView.swift */; };
		5090463FB7DC58B90582CDE5 /* SessionSummary.swift in Sources */ = {isa = PBXBuildFile; fileRef = EDDE13E81D9EEE46640D0EF2 /* SessionSummary.swift */; };
		50BDB63F4E5CD5A381CAD714 /* PlateauDiagnosisTests.swift in Sources */ = {isa = PBXBuildFile; fileRef = 63393D8A8ED504D06B0DFD3F /* PlateauDiagnosisTests.swift */; };
		531CC631CF466CEC0E490B92 /* ProgressViewModelTests.swift in Sources */ = {isa = PBXBuildFile; fileRef = AFA7A8676701DF296D506D9A /* ProgressViewModelTests.swift */; };
		549827B470E8067A0E28ECB5 /* AdaptiveOverload.swift in Sources */ = {isa = PBXBuildFile; fileRef = 4371FC39A0C4315D7F96A7FF /* AdaptiveOverload.swift */; };
		56ACE22E76123F4CD6E81C76 /* MockPersistence.swift in Sources */ = {isa = PBXBuildFile; fileRef = 4E25EB351D91F063A9809D5E /* MockPersistence.swift */; };
		57540F4158981BAFC73FB0C3 /* MovementPatternFocus.swift in Sources */ = {isa = PBXBuildFile; fileRef = A88C186DB3E4D460DB2406E3 /* MovementPatternFocus.swift */; };
		580BBD7F21FE9C6C9522272B /* CoreDataWorkoutLogService.swift in Sources */ = {isa = PBXBuildFile; fileRef = BA07989DDD247BBCBCBA6EEE /* CoreDataWorkoutLogService.swift */; };
		59B416DEDD4E3B40074C97C2 /* StoreKitSubscriptionServiceTests.swift in Sources */ = {isa = PBXBuildFile; fileRef = A512259296B10179388FD814 /* StoreKitSubscriptionServiceTests.swift */; };
		5FB8EA256F9A84D2E3D35D20 /* MockExerciseService.swift in Sources */ = {isa = PBXBuildFile; fileRef = D5A8A2106A7E78A9BE1CA30B /* MockExerciseService.swift */; };
		5FD94CEF02C4F03894F303FE /* DeterministicSessionPolicyServiceTests.swift in Sources */ = {isa = PBXBuildFile; fileRef = A174A7E890FE558B00228E37 /* DeterministicSessionPolicyServiceTests.swift */; };
		603C0331116E1A755CB8A1B6 /* ExerciseSwap.swift in Sources */ = {isa = PBXBuildFile; fileRef = 24EF9748E7717931176A1378 /* ExerciseSwap.swift */; };
		611D18019B8B9D726DE61A43 /* ReprogramTriggerDetection.swift in Sources */ = {isa = PBXBuildFile; fileRef = 20D4549EAA351DAA5F673F9E /* ReprogramTriggerDetection.swift */; };
		62069971AFFFD5DF2D596C5E /* AdaptiveOverloadTests.swift in Sources */ = {isa = PBXBuildFile; fileRef = 5526927A4FF1986151B6CCFB /* AdaptiveOverloadTests.swift */; };
		629AF1D38DB053DB6974D80A /* ReprogramTriggerDetectionTests.swift in Sources */ = {isa = PBXBuildFile; fileRef = 64C6E836404F8F9FBD3625D7 /* ReprogramTriggerDetectionTests.swift */; };
		65B30A27EBC5CB1CACBA6C33 /* Theme.swift in Sources */ = {isa = PBXBuildFile; fileRef = 4FBEBFE2C368100812F7677A /* Theme.swift */; };
		660E71AA9AF210A9A2312407 /* ReadyViewModel.swift in Sources */ = {isa = PBXBuildFile; fileRef = B0F424F077B2DC209963F9B5 /* ReadyViewModel.swift */; };
		6626C9AEA07C347630F117E6 /* AppStateTests.swift in Sources */ = {isa = PBXBuildFile; fileRef = EF6A7F5A6A43CDEADEEF65C1 /* AppStateTests.swift */; };
		66A9889E4D9667B6762D57E7 /* PillarBalanceTests.swift in Sources */ = {isa = PBXBuildFile; fileRef = BDE7B5C8DE78200827F1A928 /* PillarBalanceTests.swift */; };
		68B324E5201C679D40A0879F /* CoreDataUserService.swift in Sources */ = {isa = PBXBuildFile; fileRef = 9B8D9E113BE7AE2F22E93F26 /* CoreDataUserService.swift */; };
		6A218325DC3672EC25F31272 /* VarietyLanguageTests.swift in Sources */ = {isa = PBXBuildFile; fileRef = 16A6513BE7ADC414ED90485D /* VarietyLanguageTests.swift */; };
		6BC55104116EFD0AC49BD284 /* SessionAssembly.swift in Sources */ = {isa = PBXBuildFile; fileRef = 84D59E64471E6566D7C21A99 /* SessionAssembly.swift */; };
		701A91114F9934EECE82782D /* CoreDataSessionPolicyStore.swift in Sources */ = {isa = PBXBuildFile; fileRef = CE456FDCA142CD805A212069 /* CoreDataSessionPolicyStore.swift */; };
		70B218D2C8A8567D311D894B /* ActiveSessionState.swift in Sources */ = {isa = PBXBuildFile; fileRef = 93E7A92A8E6439F760C8A0B1 /* ActiveSessionState.swift */; };
		71996E7D2E2440B335CE46F5 /* ProxyVarietyLanguageProviderTests.swift in Sources */ = {isa = PBXBuildFile; fileRef = 39FC3531E5DE413C53CE6F43 /* ProxyVarietyLanguageProviderTests.swift */; };
		760085EAF091BBFF54D57DD2 /* AppleAuthServiceTests.swift in Sources */ = {isa = PBXBuildFile; fileRef = 786E0140BB0E5F6854438CF2 /* AppleAuthServiceTests.swift */; };
		7791FBFB02D513F67F033F10 /* ProgressionChainSelectionTests.swift in Sources */ = {isa = PBXBuildFile; fileRef = 657E2B803714D77AB2D74625 /* ProgressionChainSelectionTests.swift */; };
		77F1F308E44FD4776C8D427C /* StoreKitSubscriptionService.swift in Sources */ = {isa = PBXBuildFile; fileRef = 09E256A3CC6E18CEED1DB3EE /* StoreKitSubscriptionService.swift */; };
		7963EFDF3AC7288382F33A8C /* ReprogramTrigger.swift in Sources */ = {isa = PBXBuildFile; fileRef = 02516CDAA81E89B035E1159B /* ReprogramTrigger.swift */; };
		838DF39B5921A49D8E3AA35C /* CDActiveSession.swift in Sources */ = {isa = PBXBuildFile; fileRef = C599EB473282C4CB46D2C3A2 /* CDActiveSession.swift */; };
		86684ACA73EC316C94560363 /* DefaultDurationLearning.swift in Sources */ = {isa = PBXBuildFile; fileRef = 610848DE4DAC6E29AD671712 /* DefaultDurationLearning.swift */; };
		8DAC8D15FC838FD4F7E23AB8 /* ColdStartHandoff.swift in Sources */ = {isa = PBXBuildFile; fileRef = 5B59449C030DFD3B8D66DBF3 /* ColdStartHandoff.swift */; };
		8E247DDDFCCA383AF475DF88 /* ConsistencyScoreTests.swift in Sources */ = {isa = PBXBuildFile; fileRef = 825F205142EA7FF546D9EBB4 /* ConsistencyScoreTests.swift */; };
		92A8137D00E5C8EFEE2CB5E7 /* ActiveSessionViewModel.swift in Sources */ = {isa = PBXBuildFile; fileRef = F3A17325B6B550595551D6EE /* ActiveSessionViewModel.swift */; };
		956119F5EDB46F1354A7B3F9 /* OnboardingViewModelTests.swift in Sources */ = {isa = PBXBuildFile; fileRef = 2527792F8E17F327D0E71850 /* OnboardingViewModelTests.swift */; };
		95E9373133B1CAC1F3D04701 /* PaywallViewModelTests.swift in Sources */ = {isa = PBXBuildFile; fileRef = EA297EF21A4F3CB503798F17 /* PaywallViewModelTests.swift */; };
		96A261903B09D0C7BCA5FE9F /* ExerciseServiceTests.swift in Sources */ = {isa = PBXBuildFile; fileRef = 2723289C9064488853A7744D /* ExerciseServiceTests.swift */; };
		98E975D4031577FB76028AA4 /* ActiveSessionView.swift in Sources */ = {isa = PBXBuildFile; fileRef = 015E168A4BAA7D21D0B6CBA4 /* ActiveSessionView.swift */; };
		9B107FA153A6688AEB644F11 /* AuthCredentialStore.swift in Sources */ = {isa = PBXBuildFile; fileRef = 1FA4A7AC898AC1EC8FA82201 /* AuthCredentialStore.swift */; };
		9C8F27A808A53D73C791F956 /* WorkoutLog.swift in Sources */ = {isa = PBXBuildFile; fileRef = 24E105E18702D4CC93FBA722 /* WorkoutLog.swift */; };
		9CE895E2C38D07AE42CE8995 /* PersistenceController.swift in Sources */ = {isa = PBXBuildFile; fileRef = 1F25B1FB48EFD4A0A7317EEE /* PersistenceController.swift */; };
		A02D5CE98D06F330380E390C /* ExerciseSwapTests.swift in Sources */ = {isa = PBXBuildFile; fileRef = F56F0545CCF8634618229AD5 /* ExerciseSwapTests.swift */; };
		A406E1DF61040E1CE8F32693 /* VarietyLanguage.swift in Sources */ = {isa = PBXBuildFile; fileRef = 746F38F50F6FBD1B95149BA7 /* VarietyLanguage.swift */; };
		A65E0383DC18360A4F1A3264 /* ScaffoldTests.swift in Sources */ = {isa = PBXBuildFile; fileRef = 54220C70830316F0B7D14EAA /* ScaffoldTests.swift */; };
		A88A9355E1EF01559DDF58C4 /* SessionPolicyServiceTests.swift in Sources */ = {isa = PBXBuildFile; fileRef = 417D9579634284740E59C4F9 /* SessionPolicyServiceTests.swift */; };
		AA442776522E0F4B39981482 /* SessionShapeSelectionTests.swift in Sources */ = {isa = PBXBuildFile; fileRef = 66CCB3EC1727401AC554AFFB /* SessionShapeSelectionTests.swift */; };
		AA74A6C3A05461A80671BAF3 /* RestTimerFeedback.swift in Sources */ = {isa = PBXBuildFile; fileRef = 50151673A95B3094142EDC16 /* RestTimerFeedback.swift */; };
		ADC8BF8154D72A7303610149 /* ColdStartOverride.swift in Sources */ = {isa = PBXBuildFile; fileRef = BCD1124D37936968D4C523D0 /* ColdStartOverride.swift */; };
		AE5F1F1D65B368FF1E9B52C2 /* OnboardingView.swift in Sources */ = {isa = PBXBuildFile; fileRef = 82D6688CFE28B5D6372D4253 /* OnboardingView.swift */; };
		B15BC894ABD0B6D7E9997BC1 /* HealthKitWorkoutSampleTests.swift in Sources */ = {isa = PBXBuildFile; fileRef = 038A4251443E2DB6A1DC21DC /* HealthKitWorkoutSampleTests.swift */; };
		B1651851D678848B74BA71C1 /* HealthKitService.swift in Sources */ = {isa = PBXBuildFile; fileRef = E6127C33FDEA5861AF851673 /* HealthKitService.swift */; };
		B283B26C743D4FDCF864D536 /* ReturnOverride.swift in Sources */ = {isa = PBXBuildFile; fileRef = C2BE6717FFEB2A263B810B2C /* ReturnOverride.swift */; };
		B7BE6DBD4A1DA15034F31BEA /* ReadyViewModelTests.swift in Sources */ = {isa = PBXBuildFile; fileRef = 12DE48E4A01BEA9478204AD5 /* ReadyViewModelTests.swift */; };
		B996721DB87CA137E42FDFB6 /* ReturnOverrideTests.swift in Sources */ = {isa = PBXBuildFile; fileRef = E34636A14C8E8535569E7635 /* ReturnOverrideTests.swift */; };
		BA09C70FABE768B89DE124E8 /* ReprogramTriggerTests.swift in Sources */ = {isa = PBXBuildFile; fileRef = D2F363F231254CCB39577F9B /* ReprogramTriggerTests.swift */; };
		BA7CFAD7D4750179E076E8AA /* StoreKitFacade.swift in Sources */ = {isa = PBXBuildFile; fileRef = CE04DE7F8D57A7790574F79C /* StoreKitFacade.swift */; };
		BBED41A70FE8A560D5D30010 /* ServiceContainerTests.swift in Sources */ = {isa = PBXBuildFile; fileRef = E7DCF7BAFDA59D5C443738DA /* ServiceContainerTests.swift */; };
		BFF9D402B05ACEBE3A4EB970 /* DefaultDurationLearningTests.swift in Sources */ = {isa = PBXBuildFile; fileRef = C6E7BDD71296A4789C71F412 /* DefaultDurationLearningTests.swift */; };
		C3C49D659FC4DBE14CBFD35B /* Exercises.json in Resources */ = {isa = PBXBuildFile; fileRef = A6F30CB7678F6F34F7B8262C /* Exercises.json */; };
		C774464B27081A5DC1123219 /* OnboardingViewModel.swift in Sources */ = {isa = PBXBuildFile; fileRef = 0295A47F6A661003C7B1B4EA /* OnboardingViewModel.swift */; };
		CA4EA03C78B1E3F00DB6AE18 /* ServiceProtocols.swift in Sources */ = {isa = PBXBuildFile; fileRef = DEB61D583F7AB99CD0FF7838 /* ServiceProtocols.swift */; };
		CBF639EBC54B6E26F6F0B639 /* CDUser.swift in Sources */ = {isa = PBXBuildFile; fileRef = 8536946E1002EA63873EF040 /* CDUser.swift */; };
		D2C004E756CED9B27703B07C /* PhaseEvaluatorTests.swift in Sources */ = {isa = PBXBuildFile; fileRef = 79EDC655B337EBB5E8C5B8B6 /* PhaseEvaluatorTests.swift */; };
		D82A7E8789A11C0DAC1B6AF8 /* RootView.swift in Sources */ = {isa = PBXBuildFile; fileRef = AE899F56340A31543CC3E520 /* RootView.swift */; };
		D995370F23B924FBF753B317 /* Assets.xcassets in Resources */ = {isa = PBXBuildFile; fileRef = FDF17C9F80F098B643285927 /* Assets.xcassets */; };
		DA55E6A9690A0FBC92147DD8 /* SessionCompletionServiceTests.swift in Sources */ = {isa = PBXBuildFile; fileRef = A7F446BF0A8E820F6E0C7516 /* SessionCompletionServiceTests.swift */; };
		DB2E723D642EE26BA5D315D9 /* ProgressAnalyticsTests.swift in Sources */ = {isa = PBXBuildFile; fileRef = 0A2CCAD2AE40DB5A9CDFC995 /* ProgressAnalyticsTests.swift */; };
		DED1C585AB85C93C50D05C77 /* FirstWeekContrastTests.swift in Sources */ = {isa = PBXBuildFile; fileRef = 280D8E2389EDB46AEC61D7FF /* FirstWeekContrastTests.swift */; };
		DF8560F0C541ACA1C94C6B27 /* ExercisePoolFilterTests.swift in Sources */ = {isa = PBXBuildFile; fileRef = E22C88B26B4A461674595EB7 /* ExercisePoolFilterTests.swift */; };
		E25A04BCAF9CA6C02A7C75B5 /* SessionPolicy.swift in Sources */ = {isa = PBXBuildFile; fileRef = FEE5808E9C9D1F93D9096C60 /* SessionPolicy.swift */; };
		E3B83CBCB81B582C11176556 /* FitSnack.xcdatamodeld in Sources */ = {isa = PBXBuildFile; fileRef = E859C6A36E26C0B92E5D4614 /* FitSnack.xcdatamodeld */; };
		E3D8AC8FFEA9C9867CD072DC /* ProgressViewModel.swift in Sources */ = {isa = PBXBuildFile; fileRef = EED9877F7B36742B50487358 /* ProgressViewModel.swift */; };
		E5AF0BE7C84F632AE2185AFE /* OnboardingInjuryVocabularyTests.swift in Sources */ = {isa = PBXBuildFile; fileRef = C1FCF81C2405051416143E7A /* OnboardingInjuryVocabularyTests.swift */; };
		E773E912D35AF8D4DF69C07A /* ConsistencyScore.swift in Sources */ = {isa = PBXBuildFile; fileRef = 7E50CDA7D19669F69FFA895C /* ConsistencyScore.swift */; };
		E983D431A9A450B2A096C2EC /* User.swift in Sources */ = {isa = PBXBuildFile; fileRef = 9638F81CCC8BEEBB803E5D33 /* User.swift */; };
		EA4B324656200DEEAE050EA3 /* PaywallView.swift in Sources */ = {isa = PBXBuildFile; fileRef = 8AAE06CAD566A627622AE240 /* PaywallView.swift */; };
		EAD37447CEDB0631F5BFABFF /* ConsistencyTrend.swift in Sources */ = {isa = PBXBuildFile; fileRef = D9CC3322A068207109507865 /* ConsistencyTrend.swift */; };
		EB6B5DBFE2430F18AC7AEB32 /* SubscriptionPlan.swift in Sources */ = {isa = PBXBuildFile; fileRef = 9B419C2CFEC15A7FC339D999 /* SubscriptionPlan.swift */; };
		EDF008F85D1B0F4194F59D83 /* MockServices.swift in Sources */ = {isa = PBXBuildFile; fileRef = E8B9CFBA5DFE088DCF39EE65 /* MockServices.swift */; };
		F45458CF9BA5F98B33CF6BC0 /* AppleSignInAuthorizing.swift in Sources */ = {isa = PBXBuildFile; fileRef = 1A64170C65958BA11A9AE5EF /* AppleSignInAuthorizing.swift */; };
		F8BD2A85CC9A19EAE0752E57 /* ActiveSessionViewModelTests.swift in Sources */ = {isa = PBXBuildFile; fileRef = 283A78B928EEFBD460C2893B /* ActiveSessionViewModelTests.swift */; };
		FA92EF45D21DA58F4D039022 /* SessionShapeSelection.swift in Sources */ = {isa = PBXBuildFile; fileRef = 0DCDEF43EC9777BB82968748 /* SessionShapeSelection.swift */; };
		FC49F98FBDCE6F047F9D1078 /* SessionSummaryTests.swift in Sources */ = {isa = PBXBuildFile; fileRef = 7C9173A9C0C430E7A39B5DBB /* SessionSummaryTests.swift */; };
		FC840A06A1628A168D49FE7A /* CoreDataServicesTests.swift in Sources */ = {isa = PBXBuildFile; fileRef = FD480E782E52BC0B75AAA752 /* CoreDataServicesTests.swift */; };
		FD3BFA9C2C27066FEAC83404 /* ProgressionChainSelection.swift in Sources */ = {isa = PBXBuildFile; fileRef = 416F458E9F3C354B08D06470 /* ProgressionChainSelection.swift */; };
		FDB7CF5B9B871060E6016C58 /* ColdStartHandoffTests.swift in Sources */ = {isa = PBXBuildFile; fileRef = C520AE3B43532AEE937A9C93 /* ColdStartHandoffTests.swift */; };
		FEC7E29015504CCA1700F94C /* SessionPolicyTests.swift in Sources */ = {isa = PBXBuildFile; fileRef = BE5AE64A69BC77A3611817BE /* SessionPolicyTests.swift */; };
		FFF86E25EC866765734628D4 /* PhaseEvaluator.swift in Sources */ = {isa = PBXBuildFile; fileRef = 5E65D592B7620A81A8A68F9A /* PhaseEvaluator.swift */; };
/* End PBXBuildFile section */

/* Begin PBXContainerItemProxy section */
		B3F236BAE2A7259636574D65 /* PBXContainerItemProxy */ = {
			isa = PBXContainerItemProxy;
			containerPortal = F796DC5324AD8BF56CF833C4 /* Project object */;
			proxyType = 1;
			remoteGlobalIDString = FE8D7B658C9E5215A93D7521;
			remoteInfo = FitSnack;
		};
/* End PBXContainerItemProxy section */

/* Begin PBXFileReference section */
		015E168A4BAA7D21D0B6CBA4 /* ActiveSessionView.swift */ = {isa = PBXFileReference; lastKnownFileType = sourcecode.swift; path = ActiveSessionView.swift; sourceTree = "<group>"; };
		02516CDAA81E89B035E1159B /* ReprogramTrigger.swift */ = {isa = PBXFileReference; lastKnownFileType = sourcecode.swift; path = ReprogramTrigger.swift; sourceTree = "<group>"; };
		0295A47F6A661003C7B1B4EA /* OnboardingViewModel.swift */ = {isa = PBXFileReference; lastKnownFileType = sourcecode.swift; path = OnboardingViewModel.swift; sourceTree = "<group>"; };
		038A4251443E2DB6A1DC21DC /* HealthKitWorkoutSampleTests.swift */ = {isa = PBXFileReference; lastKnownFileType = sourcecode.swift; path = HealthKitWorkoutSampleTests.swift; sourceTree = "<group>"; };
		075ACF6329C238B7F9BC7BE3 /* VarietyLanguageResolver.swift */ = {isa = PBXFileReference; lastKnownFileType = sourcecode.swift; path = VarietyLanguageResolver.swift; sourceTree = "<group>"; };
		091209B1B5A46FF7392DECF6 /* PillarBalance.swift */ = {isa = PBXFileReference; lastKnownFileType = sourcecode.swift; path = PillarBalance.swift; sourceTree = "<group>"; };
		097FE325486215F1A5A4295D /* Enums.swift */ = {isa = PBXFileReference; lastKnownFileType = sourcecode.swift; path = Enums.swift; sourceTree = "<group>"; };
		09E256A3CC6E18CEED1DB3EE /* StoreKitSubscriptionService.swift */ = {isa = PBXFileReference; lastKnownFileType = sourcecode.swift; path = StoreKitSubscriptionService.swift; sourceTree = "<group>"; };
		0A2CCAD2AE40DB5A9CDFC995 /* ProgressAnalyticsTests.swift */ = {isa = PBXFileReference; lastKnownFileType = sourcecode.swift; path = ProgressAnalyticsTests.swift; sourceTree = "<group>"; };
		0DCDEF43EC9777BB82968748 /* SessionShapeSelection.swift */ = {isa = PBXFileReference; lastKnownFileType = sourcecode.swift; path = SessionShapeSelection.swift; sourceTree = "<group>"; };
		12DE48E4A01BEA9478204AD5 /* ReadyViewModelTests.swift */ = {isa = PBXFileReference; lastKnownFileType = sourcecode.swift; path = ReadyViewModelTests.swift; sourceTree = "<group>"; };
		149F5CFE377C67052F3CB3D4 /* AppleAuthService.swift */ = {isa = PBXFileReference; lastKnownFileType = sourcecode.swift; path = AppleAuthService.swift; sourceTree = "<group>"; };
		161E1E7E86B219507B3E5673 /* FitSnack.entitlements */ = {isa = PBXFileReference; lastKnownFileType = text.plist.entitlements; path = FitSnack.entitlements; sourceTree = "<group>"; };
		16A6513BE7ADC414ED90485D /* VarietyLanguageTests.swift */ = {isa = PBXFileReference; lastKnownFileType = sourcecode.swift; path = VarietyLanguageTests.swift; sourceTree = "<group>"; };
		183CE237B95AD74F3517D63E /* .gitkeep */ = {isa = PBXFileReference; path = .gitkeep; sourceTree = "<group>"; };
		1A64170C65958BA11A9AE5EF /* AppleSignInAuthorizing.swift */ = {isa = PBXFileReference; lastKnownFileType = sourcecode.swift; path = AppleSignInAuthorizing.swift; sourceTree = "<group>"; };
		1D4BF02AD537AF6F14B588F5 /* .gitkeep */ = {isa = PBXFileReference; path = .gitkeep; sourceTree = "<group>"; };
		1F25B1FB48EFD4A0A7317EEE /* PersistenceController.swift */ = {isa = PBXFileReference; lastKnownFileType = sourcecode.swift; path = PersistenceController.swift; sourceTree = "<group>"; };
		1FA4A7AC898AC1EC8FA82201 /* AuthCredentialStore.swift */ = {isa = PBXFileReference; lastKnownFileType = sourcecode.swift; path = AuthCredentialStore.swift; sourceTree = "<group>"; };
		20D4549EAA351DAA5F673F9E /* ReprogramTriggerDetection.swift */ = {isa = PBXFileReference; lastKnownFileType = sourcecode.swift; path = ReprogramTriggerDetection.swift; sourceTree = "<group>"; };
		24B8A1FF59EFC2CA17853FA7 /* PaywallViewModel.swift */ = {isa = PBXFileReference; lastKnownFileType = sourcecode.swift; path = PaywallViewModel.swift; sourceTree = "<group>"; };
		24E105E18702D4CC93FBA722 /* WorkoutLog.swift */ = {isa = PBXFileReference; lastKnownFileType = sourcecode.swift; path = WorkoutLog.swift; sourceTree = "<group>"; };
		24EF9748E7717931176A1378 /* ExerciseSwap.swift */ = {isa = PBXFileReference; lastKnownFileType = sourcecode.swift; path = ExerciseSwap.swift; sourceTree = "<group>"; };
		2527792F8E17F327D0E71850 /* OnboardingViewModelTests.swift */ = {isa = PBXFileReference; lastKnownFileType = sourcecode.swift; path = OnboardingViewModelTests.swift; sourceTree = "<group>"; };
		2723289C9064488853A7744D /* ExerciseServiceTests.swift */ = {isa = PBXFileReference; lastKnownFileType = sourcecode.swift; path = ExerciseServiceTests.swift; sourceTree = "<group>"; };
		280D8E2389EDB46AEC61D7FF /* FirstWeekContrastTests.swift */ = {isa = PBXFileReference; lastKnownFileType = sourcecode.swift; path = FirstWeekContrastTests.swift; sourceTree = "<group>"; };
		283A78B928EEFBD460C2893B /* ActiveSessionViewModelTests.swift */ = {isa = PBXFileReference; lastKnownFileType = sourcecode.swift; path = ActiveSessionViewModelTests.swift; sourceTree = "<group>"; };
		39FC3531E5DE413C53CE6F43 /* ProxyVarietyLanguageProviderTests.swift */ = {isa = PBXFileReference; lastKnownFileType = sourcecode.swift; path = ProxyVarietyLanguageProviderTests.swift; sourceTree = "<group>"; };
		4092748ECF949F0824396527 /* MovementPatternFocusTests.swift */ = {isa = PBXFileReference; lastKnownFileType = sourcecode.swift; path = MovementPatternFocusTests.swift; sourceTree = "<group>"; };
		416F458E9F3C354B08D06470 /* ProgressionChainSelection.swift */ = {isa = PBXFileReference; lastKnownFileType = sourcecode.swift; path = ProgressionChainSelection.swift; sourceTree = "<group>"; };
		417D9579634284740E59C4F9 /* SessionPolicyServiceTests.swift */ = {isa = PBXFileReference; lastKnownFileType = sourcecode.swift; path = SessionPolicyServiceTests.swift; sourceTree = "<group>"; };
		42E4B312EBFA72858B793511 /* Workout.swift */ = {isa = PBXFileReference; lastKnownFileType = sourcecode.swift; path = Workout.swift; sourceTree = "<group>"; };
		4371FC39A0C4315D7F96A7FF /* AdaptiveOverload.swift */ = {isa = PBXFileReference; lastKnownFileType = sourcecode.swift; path = AdaptiveOverload.swift; sourceTree = "<group>"; };
		43DFD3CF27AEE125FBD967E0 /* ExercisePoolFilter.swift */ = {isa = PBXFileReference; lastKnownFileType = sourcecode.swift; path = ExercisePoolFilter.swift; sourceTree = "<group>"; };
		4E25EB351D91F063A9809D5E /* MockPersistence.swift */ = {isa = PBXFileReference; lastKnownFileType = sourcecode.swift; path = MockPersistence.swift; sourceTree = "<group>"; };
		4FBEBFE2C368100812F7677A /* Theme.swift */ = {isa = PBXFileReference; lastKnownFileType = sourcecode.swift; path = Theme.swift; sourceTree = "<group>"; };
		50151673A95B3094142EDC16 /* RestTimerFeedback.swift */ = {isa = PBXFileReference; lastKnownFileType = sourcecode.swift; path = RestTimerFeedback.swift; sourceTree = "<group>"; };
		521C8C44B1CF138678277490 /* PolicyNoteTests.swift */ = {isa = PBXFileReference; lastKnownFileType = sourcecode.swift; path = PolicyNoteTests.swift; sourceTree = "<group>"; };
		54220C70830316F0B7D14EAA /* ScaffoldTests.swift */ = {isa = PBXFileReference; lastKnownFileType = sourcecode.swift; path = ScaffoldTests.swift; sourceTree = "<group>"; };
		5526927A4FF1986151B6CCFB /* AdaptiveOverloadTests.swift */ = {isa = PBXFileReference; lastKnownFileType = sourcecode.swift; path = AdaptiveOverloadTests.swift; sourceTree = "<group>"; };
		564AAF6885AFFD5DA2BFDA0E /* USE01RangeEvidenceTests.swift */ = {isa = PBXFileReference; lastKnownFileType = sourcecode.swift; path = USE01RangeEvidenceTests.swift; sourceTree = "<group>"; };
		58C8E87DCE232242DB67AE62 /* FitSnack.xcdatamodel */ = {isa = PBXFileReference; lastKnownFileType = wrapper.xcdatamodel; path = FitSnack.xcdatamodel; sourceTree = "<group>"; };
		594272B3409B676F91CEEBD3 /* Info.plist */ = {isa = PBXFileReference; lastKnownFileType = text.plist; path = Info.plist; sourceTree = "<group>"; };
		5B463FE988D7B52B95FF01E7 /* FitSnackTests.xctest */ = {isa = PBXFileReference; includeInIndex = 0; lastKnownFileType = wrapper.cfbundle; path = FitSnackTests.xctest; sourceTree = BUILT_PRODUCTS_DIR; };
		5B59449C030DFD3B8D66DBF3 /* ColdStartHandoff.swift */ = {isa = PBXFileReference; lastKnownFileType = sourcecode.swift; path = ColdStartHandoff.swift; sourceTree = "<group>"; };
		5E65D592B7620A81A8A68F9A /* PhaseEvaluator.swift */ = {isa = PBXFileReference; lastKnownFileType = sourcecode.swift; path = PhaseEvaluator.swift; sourceTree = "<group>"; };
		610848DE4DAC6E29AD671712 /* DefaultDurationLearning.swift */ = {isa = PBXFileReference; lastKnownFileType = sourcecode.swift; path = DefaultDurationLearning.swift; sourceTree = "<group>"; };
		63393D8A8ED504D06B0DFD3F /* PlateauDiagnosisTests.swift */ = {isa = PBXFileReference; lastKnownFileType = sourcecode.swift; path = PlateauDiagnosisTests.swift; sourceTree = "<group>"; };
		64C6E836404F8F9FBD3625D7 /* ReprogramTriggerDetectionTests.swift */ = {isa = PBXFileReference; lastKnownFileType = sourcecode.swift; path = ReprogramTriggerDetectionTests.swift; sourceTree = "<group>"; };
		657E2B803714D77AB2D74625 /* ProgressionChainSelectionTests.swift */ = {isa = PBXFileReference; lastKnownFileType = sourcecode.swift; path = ProgressionChainSelectionTests.swift; sourceTree = "<group>"; };
		66CCB3EC1727401AC554AFFB /* SessionShapeSelectionTests.swift */ = {isa = PBXFileReference; lastKnownFileType = sourcecode.swift; path = SessionShapeSelectionTests.swift; sourceTree = "<group>"; };
		73A84087E2FB0CE51800B2EA /* SessionCompletionService.swift */ = {isa = PBXFileReference; lastKnownFileType = sourcecode.swift; path = SessionCompletionService.swift; sourceTree = "<group>"; };
		746F38F50F6FBD1B95149BA7 /* VarietyLanguage.swift */ = {isa = PBXFileReference; lastKnownFileType = sourcecode.swift; path = VarietyLanguage.swift; sourceTree = "<group>"; };
		7863C6D09242E8262C152F35 /* ActiveSessionStore.swift */ = {isa = PBXFileReference; lastKnownFileType = sourcecode.swift; path = ActiveSessionStore.swift; sourceTree = "<group>"; };
		786E0140BB0E5F6854438CF2 /* AppleAuthServiceTests.swift */ = {isa = PBXFileReference; lastKnownFileType = sourcecode.swift; path = AppleAuthServiceTests.swift; sourceTree = "<group>"; };
		79EDC655B337EBB5E8C5B8B6 /* PhaseEvaluatorTests.swift */ = {isa = PBXFileReference; lastKnownFileType = sourcecode.swift; path = PhaseEvaluatorTests.swift; sourceTree = "<group>"; };
		7AD01D5E0475B70F74ABB4E9 /* ConsistencyTrendTests.swift */ = {isa = PBXFileReference; lastKnownFileType = sourcecode.swift; path = ConsistencyTrendTests.swift; sourceTree = "<group>"; };
		7C9173A9C0C430E7A39B5DBB /* SessionSummaryTests.swift */ = {isa = PBXFileReference; lastKnownFileType = sourcecode.swift; path = SessionSummaryTests.swift; sourceTree = "<group>"; };
		7E50CDA7D19669F69FFA895C /* ConsistencyScore.swift */ = {isa = PBXFileReference; lastKnownFileType = sourcecode.swift; path = ConsistencyScore.swift; sourceTree = "<group>"; };
		825F205142EA7FF546D9EBB4 /* ConsistencyScoreTests.swift */ = {isa = PBXFileReference; lastKnownFileType = sourcecode.swift; path = ConsistencyScoreTests.swift; sourceTree = "<group>"; };
		82D6688CFE28B5D6372D4253 /* OnboardingView.swift */ = {isa = PBXFileReference; lastKnownFileType = sourcecode.swift; path = OnboardingView.swift; sourceTree = "<group>"; };
		83A6D5A93BFD4B43C1202CA7 /* ModelsTests.swift */ = {isa = PBXFileReference; lastKnownFileType = sourcecode.swift; path = ModelsTests.swift; sourceTree = "<group>"; };
		8497342E025963A5B26112CE /* ProxyVarietyLanguageProvider.swift */ = {isa = PBXFileReference; lastKnownFileType = sourcecode.swift; path = ProxyVarietyLanguageProvider.swift; sourceTree = "<group>"; };
		84D59E64471E6566D7C21A99 /* SessionAssembly.swift */ = {isa = PBXFileReference; lastKnownFileType = sourcecode.swift; path = SessionAssembly.swift; sourceTree = "<group>"; };
		8536946E1002EA63873EF040 /* CDUser.swift */ = {isa = PBXFileReference; lastKnownFileType = sourcecode.swift; path = CDUser.swift; sourceTree = "<group>"; };
		877D1A417062B7D80BCE7DAD /* ProgressTabView.swift */ = {isa = PBXFileReference; lastKnownFileType = sourcecode.swift; path = ProgressTabView.swift; sourceTree = "<group>"; };
		8AAE06CAD566A627622AE240 /* PaywallView.swift */ = {isa = PBXFileReference; lastKnownFileType = sourcecode.swift; path = PaywallView.swift; sourceTree = "<group>"; };
		939D3C7C9240D310489F4F50 /* PlateauDiagnosis.swift */ = {isa = PBXFileReference; lastKnownFileType = sourcecode.swift; path = PlateauDiagnosis.swift; sourceTree = "<group>"; };
		93E7A92A8E6439F760C8A0B1 /* ActiveSessionState.swift */ = {isa = PBXFileReference; lastKnownFileType = sourcecode.swift; path = ActiveSessionState.swift; sourceTree = "<group>"; };
		9638F81CCC8BEEBB803E5D33 /* User.swift */ = {isa = PBXFileReference; lastKnownFileType = sourcecode.swift; path = User.swift; sourceTree = "<group>"; };
		9B419C2CFEC15A7FC339D999 /* SubscriptionPlan.swift */ = {isa = PBXFileReference; lastKnownFileType = sourcecode.swift; path = SubscriptionPlan.swift; sourceTree = "<group>"; };
		9B8D9E113BE7AE2F22E93F26 /* CoreDataUserService.swift */ = {isa = PBXFileReference; lastKnownFileType = sourcecode.swift; path = CoreDataUserService.swift; sourceTree = "<group>"; };
		9DB71C842D4B5068D0BE2A24 /* ColdStartSeedingTests.swift */ = {isa = PBXFileReference; lastKnownFileType = sourcecode.swift; path = ColdStartSeedingTests.swift; sourceTree = "<group>"; };
		9ED42B9B6FE8C3F4ADE1B2F0 /* CDSessionPolicy.swift */ = {isa = PBXFileReference; lastKnownFileType = sourcecode.swift; path = CDSessionPolicy.swift; sourceTree = "<group>"; };
		A174A7E890FE558B00228E37 /* DeterministicSessionPolicyServiceTests.swift */ = {isa = PBXFileReference; lastKnownFileType = sourcecode.swift; path = DeterministicSessionPolicyServiceTests.swift; sourceTree = "<group>"; };
		A31E4D422F35E3182D5DC5A6 /* HealthKitWorkoutSample.swift */ = {isa = PBXFileReference; lastKnownFileType = sourcecode.swift; path = HealthKitWorkoutSample.swift; sourceTree = "<group>"; };
		A49146F340F6CB397E03C10E /* ExerciseLibraryTests.swift */ = {isa = PBXFileReference; lastKnownFileType = sourcecode.swift; path = ExerciseLibraryTests.swift; sourceTree = "<group>"; };
		A4EE94999F5BD556DC9617E9 /* CDWorkoutLog.swift */ = {isa = PBXFileReference; lastKnownFileType = sourcecode.swift; path = CDWorkoutLog.swift; sourceTree = "<group>"; };
		A512259296B10179388FD814 /* StoreKitSubscriptionServiceTests.swift */ = {isa = PBXFileReference; lastKnownFileType = sourcecode.swift; path = StoreKitSubscriptionServiceTests.swift; sourceTree = "<group>"; };
		A6975414286769AC0083EC51 /* ServiceContainer.swift */ = {isa = PBXFileReference; lastKnownFileType = sourcecode.swift; path = ServiceContainer.swift; sourceTree = "<group>"; };
		A6F30CB7678F6F34F7B8262C /* Exercises.json */ = {isa = PBXFileReference; lastKnownFileType = text.json; path = Exercises.json; sourceTree = "<group>"; };
		A7F446BF0A8E820F6E0C7516 /* SessionCompletionServiceTests.swift */ = {isa = PBXFileReference; lastKnownFileType = sourcecode.swift; path = SessionCompletionServiceTests.swift; sourceTree = "<group>"; };
		A88C186DB3E4D460DB2406E3 /* MovementPatternFocus.swift */ = {isa = PBXFileReference; lastKnownFileType = sourcecode.swift; path = MovementPatternFocus.swift; sourceTree = "<group>"; };
		ACA18D387331C063EDBD1C78 /* CoreDataActiveSessionStore.swift */ = {isa = PBXFileReference; lastKnownFileType = sourcecode.swift; path = CoreDataActiveSessionStore.swift; sourceTree = "<group>"; };
		AE899F56340A31543CC3E520 /* RootView.swift */ = {isa = PBXFileReference; lastKnownFileType = sourcecode.swift; path = RootView.swift; sourceTree = "<group>"; };
		AFA7A8676701DF296D506D9A /* ProgressViewModelTests.swift */ = {isa = PBXFileReference; lastKnownFileType = sourcecode.swift; path = ProgressViewModelTests.swift; sourceTree = "<group>"; };
		B0F424F077B2DC209963F9B5 /* ReadyViewModel.swift */ = {isa = PBXFileReference; lastKnownFileType = sourcecode.swift; path = ReadyViewModel.swift; sourceTree = "<group>"; };
		B3D066D1A3C0D0557854B89E /* FitSnack.app */ = {isa = PBXFileReference; includeInIndex = 0; lastKnownFileType = wrapper.application; path = FitSnack.app; sourceTree = BUILT_PRODUCTS_DIR; };
		B3DFAF1D54CBC37B12F586C5 /* DeterministicSessionPolicyService.swift */ = {isa = PBXFileReference; lastKnownFileType = sourcecode.swift; path = DeterministicSessionPolicyService.swift; sourceTree = "<group>"; };
		B4A4A5453BA64A6968796503 /* FitSnack.storekit */ = {isa = PBXFileReference; path = FitSnack.storekit; sourceTree = "<group>"; };
		B7700923EBF15CCFA71D03F2 /* PersistenceTests.swift */ = {isa = PBXFileReference; lastKnownFileType = sourcecode.swift; path = PersistenceTests.swift; sourceTree = "<group>"; };
		BA07989DDD247BBCBCBA6EEE /* CoreDataWorkoutLogService.swift */ = {isa = PBXFileReference; lastKnownFileType = sourcecode.swift; path = CoreDataWorkoutLogService.swift; sourceTree = "<group>"; };
		BC9B47A4C50208A032645354 /* .gitkeep */ = {isa = PBXFileReference; path = .gitkeep; sourceTree = "<group>"; };
		BCD1124D37936968D4C523D0 /* ColdStartOverride.swift */ = {isa = PBXFileReference; lastKnownFileType = sourcecode.swift; path = ColdStartOverride.swift; sourceTree = "<group>"; };
		BDE7B5C8DE78200827F1A928 /* PillarBalanceTests.swift */ = {isa = PBXFileReference; lastKnownFileType = sourcecode.swift; path = PillarBalanceTests.swift; sourceTree = "<group>"; };
		BE5AE64A69BC77A3611817BE /* SessionPolicyTests.swift */ = {isa = PBXFileReference; lastKnownFileType = sourcecode.swift; path = SessionPolicyTests.swift; sourceTree = "<group>"; };
		BEDFFB65C34BBA953E570279 /* .gitkeep */ = {isa = PBXFileReference; path = .gitkeep; sourceTree = "<group>"; };
		C1FCF81C2405051416143E7A /* OnboardingInjuryVocabularyTests.swift */ = {isa = PBXFileReference; lastKnownFileType = sourcecode.swift; path = OnboardingInjuryVocabularyTests.swift; sourceTree = "<group>"; };
		C2BE6717FFEB2A263B810B2C /* ReturnOverride.swift */ = {isa = PBXFileReference; lastKnownFileType = sourcecode.swift; path = ReturnOverride.swift; sourceTree = "<group>"; };
		C520AE3B43532AEE937A9C93 /* ColdStartHandoffTests.swift */ = {isa = PBXFileReference; lastKnownFileType = sourcecode.swift; path = ColdStartHandoffTests.swift; sourceTree = "<group>"; };
		C599EB473282C4CB46D2C3A2 /* CDActiveSession.swift */ = {isa = PBXFileReference; lastKnownFileType = sourcecode.swift; path = CDActiveSession.swift; sourceTree = "<group>"; };
		C6E7BDD71296A4789C71F412 /* DefaultDurationLearningTests.swift */ = {isa = PBXFileReference; lastKnownFileType = sourcecode.swift; path = DefaultDurationLearningTests.swift; sourceTree = "<group>"; };
		C7EA6657DAE6AE01E4891CB7 /* .gitkeep */ = {isa = PBXFileReference; path = .gitkeep; sourceTree = "<group>"; };
		CE04DE7F8D57A7790574F79C /* StoreKitFacade.swift */ = {isa = PBXFileReference; lastKnownFileType = sourcecode.swift; path = StoreKitFacade.swift; sourceTree = "<group>"; };
		CE456FDCA142CD805A212069 /* CoreDataSessionPolicyStore.swift */ = {isa = PBXFileReference; lastKnownFileType = sourcecode.swift; path = CoreDataSessionPolicyStore.swift; sourceTree = "<group>"; };
		D2F363F231254CCB39577F9B /* ReprogramTriggerTests.swift */ = {isa = PBXFileReference; lastKnownFileType = sourcecode.swift; path = ReprogramTriggerTests.swift; sourceTree = "<group>"; };
		D5A8A2106A7E78A9BE1CA30B /* MockExerciseService.swift */ = {isa = PBXFileReference; lastKnownFileType = sourcecode.swift; path = MockExerciseService.swift; sourceTree = "<group>"; };
		D641BBBE178A9237F0AE4110 /* EnumsTests.swift */ = {isa = PBXFileReference; lastKnownFileType = sourcecode.swift; path = EnumsTests.swift; sourceTree = "<group>"; };
		D9CC3322A068207109507865 /* ConsistencyTrend.swift */ = {isa = PBXFileReference; lastKnownFileType = sourcecode.swift; path = ConsistencyTrend.swift; sourceTree = "<group>"; };
		DB8F1E3A055E19A13DD51674 /* Exercise.swift */ = {isa = PBXFileReference; lastKnownFileType = sourcecode.swift; path = Exercise.swift; sourceTree = "<group>"; };
		DCB59EA4B2D8F1A2D084D7EB /* SessionAssemblyTests.swift */ = {isa = PBXFileReference; lastKnownFileType = sourcecode.swift; path = SessionAssemblyTests.swift; sourceTree = "<group>"; };
		DE82740204F95416749519EE /* PersistenceCoding.swift */ = {isa = PBXFileReference; lastKnownFileType = sourcecode.swift; path = PersistenceCoding.swift; sourceTree = "<group>"; };
		DEB61D583F7AB99CD0FF7838 /* ServiceProtocols.swift */ = {isa = PBXFileReference; lastKnownFileType = sourcecode.swift; path = ServiceProtocols.swift; sourceTree = "<group>"; };
		E22C88B26B4A461674595EB7 /* ExercisePoolFilterTests.swift */ = {isa = PBXFileReference; lastKnownFileType = sourcecode.swift; path = ExercisePoolFilterTests.swift; sourceTree = "<group>"; };
		E34636A14C8E8535569E7635 /* ReturnOverrideTests.swift */ = {isa = PBXFileReference; lastKnownFileType = sourcecode.swift; path = ReturnOverrideTests.swift; sourceTree = "<group>"; };
		E5A922A7B308EF35A73F4D0D /* ReadyView.swift */ = {isa = PBXFileReference; lastKnownFileType = sourcecode.swift; path = ReadyView.swift; sourceTree = "<group>"; };
		E6127C33FDEA5861AF851673 /* HealthKitService.swift */ = {isa = PBXFileReference; lastKnownFileType = sourcecode.swift; path = HealthKitService.swift; sourceTree = "<group>"; };
		E7DCF7BAFDA59D5C443738DA /* ServiceContainerTests.swift */ = {isa = PBXFileReference; lastKnownFileType = sourcecode.swift; path = ServiceContainerTests.swift; sourceTree = "<group>"; };
		E8B9CFBA5DFE088DCF39EE65 /* MockServices.swift */ = {isa = PBXFileReference; lastKnownFileType = sourcecode.swift; path = MockServices.swift; sourceTree = "<group>"; };
		E93C79F16481D8040E30A1B6 /* .gitkeep */ = {isa = PBXFileReference; path = .gitkeep; sourceTree = "<group>"; };
		EA297EF21A4F3CB503798F17 /* PaywallViewModelTests.swift */ = {isa = PBXFileReference; lastKnownFileType = sourcecode.swift; path = PaywallViewModelTests.swift; sourceTree = "<group>"; };
		EA32171316EB189D11B068A4 /* AppState.swift */ = {isa = PBXFileReference; lastKnownFileType = sourcecode.swift; path = AppState.swift; sourceTree = "<group>"; };
		EBBD80F1A74634F77B3E43C1 /* .gitkeep */ = {isa = PBXFileReference; path = .gitkeep; sourceTree = "<group>"; };
		EBD9B7673226F77147653900 /* PolicyNote.swift */ = {isa = PBXFileReference; lastKnownFileType = sourcecode.swift; path = PolicyNote.swift; sourceTree = "<group>"; };
		EC678C665BB1A617249D686F /* LiveStoreKitFacade.swift */ = {isa = PBXFileReference; lastKnownFileType = sourcecode.swift; path = LiveStoreKitFacade.swift; sourceTree = "<group>"; };
		EDDE13E81D9EEE46640D0EF2 /* SessionSummary.swift */ = {isa = PBXFileReference; lastKnownFileType = sourcecode.swift; path = SessionSummary.swift; sourceTree = "<group>"; };
		EED9877F7B36742B50487358 /* ProgressViewModel.swift */ = {isa = PBXFileReference; lastKnownFileType = sourcecode.swift; path = ProgressViewModel.swift; sourceTree = "<group>"; };
		EF6A7F5A6A43CDEADEEF65C1 /* AppStateTests.swift */ = {isa = PBXFileReference; lastKnownFileType = sourcecode.swift; path = AppStateTests.swift; sourceTree = "<group>"; };
		F3A17325B6B550595551D6EE /* ActiveSessionViewModel.swift */ = {isa = PBXFileReference; lastKnownFileType = sourcecode.swift; path = ActiveSessionViewModel.swift; sourceTree = "<group>"; };
		F56F0545CCF8634618229AD5 /* ExerciseSwapTests.swift */ = {isa = PBXFileReference; lastKnownFileType = sourcecode.swift; path = ExerciseSwapTests.swift; sourceTree = "<group>"; };
		F7FC0771E8E6FD52B4A46503 /* ProgressAnalytics.swift */ = {isa = PBXFileReference; lastKnownFileType = sourcecode.swift; path = ProgressAnalytics.swift; sourceTree = "<group>"; };
		FD480E782E52BC0B75AAA752 /* CoreDataServicesTests.swift */ = {isa = PBXFileReference; lastKnownFileType = sourcecode.swift; path = CoreDataServicesTests.swift; sourceTree = "<group>"; };
		FDF17C9F80F098B643285927 /* Assets.xcassets */ = {isa = PBXFileReference; lastKnownFileType = folder.assetcatalog; path = Assets.xcassets; sourceTree = "<group>"; };
		FEE5808E9C9D1F93D9096C60 /* SessionPolicy.swift */ = {isa = PBXFileReference; lastKnownFileType = sourcecode.swift; path = SessionPolicy.swift; sourceTree = "<group>"; };
		FEF9FF0DBD8FC369281E1A88 /* FitSnackApp.swift */ = {isa = PBXFileReference; lastKnownFileType = sourcecode.swift; path = FitSnackApp.swift; sourceTree = "<group>"; };
/* End PBXFileReference section */

/* Begin PBXGroup section */
		0364389954B177CEE8355982 /* DI */ = {
			isa = PBXGroup;
			children = (
				C7EA6657DAE6AE01E4891CB7 /* .gitkeep */,
				A6975414286769AC0083EC51 /* ServiceContainer.swift */,
			);
			path = DI;
			sourceTree = "<group>";
		};
		048CB2A801441DF0B10AB11F /* Subscription */ = {
			isa = PBXGroup;
			children = (
				EC678C665BB1A617249D686F /* LiveStoreKitFacade.swift */,
				CE04DE7F8D57A7790574F79C /* StoreKitFacade.swift */,
				09E256A3CC6E18CEED1DB3EE /* StoreKitSubscriptionService.swift */,
			);
			path = Subscription;
			sourceTree = "<group>";
		};
		0544FFB5DCB2B37264FEC11D /* Utilities */ = {
			isa = PBXGroup;
			children = (
				E93C79F16481D8040E30A1B6 /* .gitkeep */,
				EA32171316EB189D11B068A4 /* AppState.swift */,
				50151673A95B3094142EDC16 /* RestTimerFeedback.swift */,
			);
			path = Utilities;
			sourceTree = "<group>";
		};
		069D73E7D79B01EA09566E2D /* Views */ = {
			isa = PBXGroup;
			children = (
				AE899F56340A31543CC3E520 /* RootView.swift */,
				6E1C4AFAAFE37BE3C6367BF2 /* ActiveSession */,
				8EB1D6A0741682257278F60E /* Onboarding */,
				A6796474E7F650B458363ECA /* Paywall */,
				1069042D5236AE7B413850BF /* Progress */,
				6A2305E76C93A68628DAFCD3 /* Ready */,
			);
			path = Views;
			sourceTree = "<group>";
		};
		0AC282F04FB6B9A03A08FA38 /* Resources */ = {
			isa = PBXGroup;
			children = (
				FDF17C9F80F098B643285927 /* Assets.xcassets */,
				A6F30CB7678F6F34F7B8262C /* Exercises.json */,
				B4A4A5453BA64A6968796503 /* FitSnack.storekit */,
			);
			path = Resources;
			sourceTree = "<group>";
		};
		1069042D5236AE7B413850BF /* Progress */ = {
			isa = PBXGroup;
			children = (
				877D1A417062B7D80BCE7DAD /* ProgressTabView.swift */,
			);
			path = Progress;
			sourceTree = "<group>";
		};
		22C38251EF9A467966B38DFA /* Services */ = {
			isa = PBXGroup;
			children = (
				EBBD80F1A74634F77B3E43C1 /* .gitkeep */,
				7F7A78A69C34CCF6C7FBD0FC /* ActiveSession */,
				AC6FC8F42BE1A871A739CCF8 /* Auth */,
				DBABC18DEE31CA35FC5CD00A /* Consistency */,
				5F1D4730785352945947B87F /* Engine */,
				5523A50DAF9B709D573941B2 /* Health */,
				6E1757A17ED4901048C8D707 /* Language */,
				5DDF650FB8284A0F8A4D160B /* Mock */,
				62E0C82D91CD505BEDCB05E3 /* Programmer */,
				624DDD40AEA370E9FBC97A21 /* Progress */,
				3C6BAA792F30CAF2948AA12A /* Protocols */,
				048CB2A801441DF0B10AB11F /* Subscription */,
			);
			path = Services;
			sourceTree = "<group>";
		};
		243A3ED7AE8960087FAAA6D3 = {
			isa = PBXGroup;
			children = (
				57661432BF8D7E0EEE6412C7 /* FitSnack */,
				B679ACDE39FD6456BC18CADA /* FitSnackTests */,
				AEEDC6CF87EE2E74A5566690 /* Products */,
			);
			sourceTree = "<group>";
		};
		3C6BAA792F30CAF2948AA12A /* Protocols */ = {
			isa = PBXGroup;
			children = (
				BC9B47A4C50208A032645354 /* .gitkeep */,
				DEB61D583F7AB99CD0FF7838 /* ServiceProtocols.swift */,
			);
			path = Protocols;
			sourceTree = "<group>";
		};
		5128A8C40E4C7D889B0BC8DA /* App */ = {
			isa = PBXGroup;
			children = (
				FEF9FF0DBD8FC369281E1A88 /* FitSnackApp.swift */,
			);
			path = App;
			sourceTree = "<group>";
		};
		5523A50DAF9B709D573941B2 /* Health */ = {
			isa = PBXGroup;
			children = (
				E6127C33FDEA5861AF851673 /* HealthKitService.swift */,
				A31E4D422F35E3182D5DC5A6 /* HealthKitWorkoutSample.swift */,
			);
			path = Health;
			sourceTree = "<group>";
		};
		57661432BF8D7E0EEE6412C7 /* FitSnack */ = {
			isa = PBXGroup;
			children = (
				161E1E7E86B219507B3E5673 /* FitSnack.entitlements */,
				594272B3409B676F91CEEBD3 /* Info.plist */,
				5128A8C40E4C7D889B0BC8DA /* App */,
				F8655401CD02EE3824F013A6 /* DesignSystem */,
				0364389954B177CEE8355982 /* DI */,
				6BE28DAD950C9270C31554C1 /* Models */,
				9DD76BBC1642EA4BD5BA7790 /* Persistence */,
				0AC282F04FB6B9A03A08FA38 /* Resources */,
				22C38251EF9A467966B38DFA /* Services */,
				0544FFB5DCB2B37264FEC11D /* Utilities */,
				F6E4E25A6699134308A96075 /* ViewModels */,
				069D73E7D79B01EA09566E2D /* Views */,
			);
			path = FitSnack;
			sourceTree = "<group>";
		};
		5DDF650FB8284A0F8A4D160B /* Mock */ = {
			isa = PBXGroup;
			children = (
				D5A8A2106A7E78A9BE1CA30B /* MockExerciseService.swift */,
				E8B9CFBA5DFE088DCF39EE65 /* MockServices.swift */,
			);
			path = Mock;
			sourceTree = "<group>";
		};
		5F1D4730785352945947B87F /* Engine */ = {
			isa = PBXGroup;
			children = (
				4371FC39A0C4315D7F96A7FF /* AdaptiveOverload.swift */,
				5B59449C030DFD3B8D66DBF3 /* ColdStartHandoff.swift */,
				BCD1124D37936968D4C523D0 /* ColdStartOverride.swift */,
				43DFD3CF27AEE125FBD967E0 /* ExercisePoolFilter.swift */,
				24EF9748E7717931176A1378 /* ExerciseSwap.swift */,
				A88C186DB3E4D460DB2406E3 /* MovementPatternFocus.swift */,
				091209B1B5A46FF7392DECF6 /* PillarBalance.swift */,
				416F458E9F3C354B08D06470 /* ProgressionChainSelection.swift */,
				C2BE6717FFEB2A263B810B2C /* ReturnOverride.swift */,
				84D59E64471E6566D7C21A99 /* SessionAssembly.swift */,
				0DCDEF43EC9777BB82968748 /* SessionShapeSelection.swift */,
			);
			path = Engine;
			sourceTree = "<group>";
		};
		624DDD40AEA370E9FBC97A21 /* Progress */ = {
			isa = PBXGroup;
			children = (
				F7FC0771E8E6FD52B4A46503 /* ProgressAnalytics.swift */,
			);
			path = Progress;
			sourceTree = "<group>";
		};
		62E0C82D91CD505BEDCB05E3 /* Programmer */ = {
			isa = PBXGroup;
			children = (
				610848DE4DAC6E29AD671712 /* DefaultDurationLearning.swift */,
				B3DFAF1D54CBC37B12F586C5 /* DeterministicSessionPolicyService.swift */,
				939D3C7C9240D310489F4F50 /* PlateauDiagnosis.swift */,
				EBD9B7673226F77147653900 /* PolicyNote.swift */,
				20D4549EAA351DAA5F673F9E /* ReprogramTriggerDetection.swift */,
			);
			path = Programmer;
			sourceTree = "<group>";
		};
		6A2305E76C93A68628DAFCD3 /* Ready */ = {
			isa = PBXGroup;
			children = (
				E5A922A7B308EF35A73F4D0D /* ReadyView.swift */,
			);
			path = Ready;
			sourceTree = "<group>";
		};
		6BE28DAD950C9270C31554C1 /* Models */ = {
			isa = PBXGroup;
			children = (
				183CE237B95AD74F3517D63E /* .gitkeep */,
				93E7A92A8E6439F760C8A0B1 /* ActiveSessionState.swift */,
				097FE325486215F1A5A4295D /* Enums.swift */,
				DB8F1E3A055E19A13DD51674 /* Exercise.swift */,
				02516CDAA81E89B035E1159B /* ReprogramTrigger.swift */,
				FEE5808E9C9D1F93D9096C60 /* SessionPolicy.swift */,
				9B419C2CFEC15A7FC339D999 /* SubscriptionPlan.swift */,
				9638F81CCC8BEEBB803E5D33 /* User.swift */,
				42E4B312EBFA72858B793511 /* Workout.swift */,
				24E105E18702D4CC93FBA722 /* WorkoutLog.swift */,
			);
			path = Models;
			sourceTree = "<group>";
		};
		6E1757A17ED4901048C8D707 /* Language */ = {
			isa = PBXGroup;
			children = (
				8497342E025963A5B26112CE /* ProxyVarietyLanguageProvider.swift */,
				746F38F50F6FBD1B95149BA7 /* VarietyLanguage.swift */,
				075ACF6329C238B7F9BC7BE3 /* VarietyLanguageResolver.swift */,
			);
			path = Language;
			sourceTree = "<group>";
		};
		6E1C4AFAAFE37BE3C6367BF2 /* ActiveSession */ = {
			isa = PBXGroup;
			children = (
				015E168A4BAA7D21D0B6CBA4 /* ActiveSessionView.swift */,
			);
			path = ActiveSession;
			sourceTree = "<group>";
		};
		7F7A78A69C34CCF6C7FBD0FC /* ActiveSession */ = {
			isa = PBXGroup;
			children = (
				7863C6D09242E8262C152F35 /* ActiveSessionStore.swift */,
				73A84087E2FB0CE51800B2EA /* SessionCompletionService.swift */,
				EDDE13E81D9EEE46640D0EF2 /* SessionSummary.swift */,
			);
			path = ActiveSession;
			sourceTree = "<group>";
		};
		8EB1D6A0741682257278F60E /* Onboarding */ = {
			isa = PBXGroup;
			children = (
				82D6688CFE28B5D6372D4253 /* OnboardingView.swift */,
			);
			path = Onboarding;
			sourceTree = "<group>";
		};
		9DD76BBC1642EA4BD5BA7790 /* Persistence */ = {
			isa = PBXGroup;
			children = (
				1D4BF02AD537AF6F14B588F5 /* .gitkeep */,
				C599EB473282C4CB46D2C3A2 /* CDActiveSession.swift */,
				9ED42B9B6FE8C3F4ADE1B2F0 /* CDSessionPolicy.swift */,
				8536946E1002EA63873EF040 /* CDUser.swift */,
				A4EE94999F5BD556DC9617E9 /* CDWorkoutLog.swift */,
				ACA18D387331C063EDBD1C78 /* CoreDataActiveSessionStore.swift */,
				CE456FDCA142CD805A212069 /* CoreDataSessionPolicyStore.swift */,
				9B8D9E113BE7AE2F22E93F26 /* CoreDataUserService.swift */,
				BA07989DDD247BBCBCBA6EEE /* CoreDataWorkoutLogService.swift */,
				4E25EB351D91F063A9809D5E /* MockPersistence.swift */,
				DE82740204F95416749519EE /* PersistenceCoding.swift */,
				1F25B1FB48EFD4A0A7317EEE /* PersistenceController.swift */,
				E859C6A36E26C0B92E5D4614 /* FitSnack.xcdatamodeld */,
			);
			path = Persistence;
			sourceTree = "<group>";
		};
		A6796474E7F650B458363ECA /* Paywall */ = {
			isa = PBXGroup;
			children = (
				8AAE06CAD566A627622AE240 /* PaywallView.swift */,
			);
			path = Paywall;
			sourceTree = "<group>";
		};
		AC6FC8F42BE1A871A739CCF8 /* Auth */ = {
			isa = PBXGroup;
			children = (
				149F5CFE377C67052F3CB3D4 /* AppleAuthService.swift */,
				1A64170C65958BA11A9AE5EF /* AppleSignInAuthorizing.swift */,
				1FA4A7AC898AC1EC8FA82201 /* AuthCredentialStore.swift */,
			);
			path = Auth;
			sourceTree = "<group>";
		};
		AEEDC6CF87EE2E74A5566690 /* Products */ = {
			isa = PBXGroup;
			children = (
				B3D066D1A3C0D0557854B89E /* FitSnack.app */,
				5B463FE988D7B52B95FF01E7 /* FitSnackTests.xctest */,
			);
			name = Products;
			sourceTree = "<group>";
		};
		B679ACDE39FD6456BC18CADA /* FitSnackTests */ = {
			isa = PBXGroup;
			children = (
				283A78B928EEFBD460C2893B /* ActiveSessionViewModelTests.swift */,
				5526927A4FF1986151B6CCFB /* AdaptiveOverloadTests.swift */,
				786E0140BB0E5F6854438CF2 /* AppleAuthServiceTests.swift */,
				EF6A7F5A6A43CDEADEEF65C1 /* AppStateTests.swift */,
				C520AE3B43532AEE937A9C93 /* ColdStartHandoffTests.swift */,
				9DB71C842D4B5068D0BE2A24 /* ColdStartSeedingTests.swift */,
				825F205142EA7FF546D9EBB4 /* ConsistencyScoreTests.swift */,
				7AD01D5E0475B70F74ABB4E9 /* ConsistencyTrendTests.swift */,
				FD480E782E52BC0B75AAA752 /* CoreDataServicesTests.swift */,
				C6E7BDD71296A4789C71F412 /* DefaultDurationLearningTests.swift */,
				A174A7E890FE558B00228E37 /* DeterministicSessionPolicyServiceTests.swift */,
				D641BBBE178A9237F0AE4110 /* EnumsTests.swift */,
				A49146F340F6CB397E03C10E /* ExerciseLibraryTests.swift */,
				E22C88B26B4A461674595EB7 /* ExercisePoolFilterTests.swift */,
				2723289C9064488853A7744D /* ExerciseServiceTests.swift */,
				F56F0545CCF8634618229AD5 /* ExerciseSwapTests.swift */,
				280D8E2389EDB46AEC61D7FF /* FirstWeekContrastTests.swift */,
				038A4251443E2DB6A1DC21DC /* HealthKitWorkoutSampleTests.swift */,
				83A6D5A93BFD4B43C1202CA7 /* ModelsTests.swift */,
				4092748ECF949F0824396527 /* MovementPatternFocusTests.swift */,
				C1FCF81C2405051416143E7A /* OnboardingInjuryVocabularyTests.swift */,
				2527792F8E17F327D0E71850 /* OnboardingViewModelTests.swift */,
				EA297EF21A4F3CB503798F17 /* PaywallViewModelTests.swift */,
				B7700923EBF15CCFA71D03F2 /* PersistenceTests.swift */,
				79EDC655B337EBB5E8C5B8B6 /* PhaseEvaluatorTests.swift */,
				BDE7B5C8DE78200827F1A928 /* PillarBalanceTests.swift */,
				63393D8A8ED504D06B0DFD3F /* PlateauDiagnosisTests.swift */,
				521C8C44B1CF138678277490 /* PolicyNoteTests.swift */,
				0A2CCAD2AE40DB5A9CDFC995 /* ProgressAnalyticsTests.swift */,
				657E2B803714D77AB2D74625 /* ProgressionChainSelectionTests.swift */,
				AFA7A8676701DF296D506D9A /* ProgressViewModelTests.swift */,
				39FC3531E5DE413C53CE6F43 /* ProxyVarietyLanguageProviderTests.swift */,
				12DE48E4A01BEA9478204AD5 /* ReadyViewModelTests.swift */,
				64C6E836404F8F9FBD3625D7 /* ReprogramTriggerDetectionTests.swift */,
				D2F363F231254CCB39577F9B /* ReprogramTriggerTests.swift */,
				E34636A14C8E8535569E7635 /* ReturnOverrideTests.swift */,
				54220C70830316F0B7D14EAA /* ScaffoldTests.swift */,
				E7DCF7BAFDA59D5C443738DA /* ServiceContainerTests.swift */,
				DCB59EA4B2D8F1A2D084D7EB /* SessionAssemblyTests.swift */,
				A7F446BF0A8E820F6E0C7516 /* SessionCompletionServiceTests.swift */,
				417D9579634284740E59C4F9 /* SessionPolicyServiceTests.swift */,
				BE5AE64A69BC77A3611817BE /* SessionPolicyTests.swift */,
				66CCB3EC1727401AC554AFFB /* SessionShapeSelectionTests.swift */,
				7C9173A9C0C430E7A39B5DBB /* SessionSummaryTests.swift */,
				A512259296B10179388FD814 /* StoreKitSubscriptionServiceTests.swift */,
				564AAF6885AFFD5DA2BFDA0E /* USE01RangeEvidenceTests.swift */,
				16A6513BE7ADC414ED90485D /* VarietyLanguageTests.swift */,
			);
			path = FitSnackTests;
			sourceTree = "<group>";
		};
		DBABC18DEE31CA35FC5CD00A /* Consistency */ = {
			isa = PBXGroup;
			children = (
				7E50CDA7D19669F69FFA895C /* ConsistencyScore.swift */,
				D9CC3322A068207109507865 /* ConsistencyTrend.swift */,
				5E65D592B7620A81A8A68F9A /* PhaseEvaluator.swift */,
			);
			path = Consistency;
			sourceTree = "<group>";
		};
		F6E4E25A6699134308A96075 /* ViewModels */ = {
			isa = PBXGroup;
			children = (
				BEDFFB65C34BBA953E570279 /* .gitkeep */,
				F3A17325B6B550595551D6EE /* ActiveSessionViewModel.swift */,
				0295A47F6A661003C7B1B4EA /* OnboardingViewModel.swift */,
				24B8A1FF59EFC2CA17853FA7 /* PaywallViewModel.swift */,
				EED9877F7B36742B50487358 /* ProgressViewModel.swift */,
				B0F424F077B2DC209963F9B5 /* ReadyViewModel.swift */,
			);
			path = ViewModels;
			sourceTree = "<group>";
		};
		F8655401CD02EE3824F013A6 /* DesignSystem */ = {
			isa = PBXGroup;
			children = (
				4FBEBFE2C368100812F7677A /* Theme.swift */,
			);
			path = DesignSystem;
			sourceTree = "<group>";
		};
/* End PBXGroup section */

/* Begin PBXNativeTarget section */
		FB90F3FA67B592252B2B0550 /* FitSnackTests */ = {
			isa = PBXNativeTarget;
			buildConfigurationList = 16B72D738C87257C8E68133B /* Build configuration list for PBXNativeTarget "FitSnackTests" */;
			buildPhases = (
				6C7D96036D9E3AF72B007FA5 /* Sources */,
			);
			buildRules = (
			);
			dependencies = (
				6FB8D32A71D298A88D227FD4 /* PBXTargetDependency */,
			);
			name = FitSnackTests;
			packageProductDependencies = (
			);
			productName = FitSnackTests;
			productReference = 5B463FE988D7B52B95FF01E7 /* FitSnackTests.xctest */;
			productType = "com.apple.product-type.bundle.unit-test";
		};
		FE8D7B658C9E5215A93D7521 /* FitSnack */ = {
			isa = PBXNativeTarget;
			buildConfigurationList = 20C11DC32CB00F20308A02A0 /* Build configuration list for PBXNativeTarget "FitSnack" */;
			buildPhases = (
				7D140B8666120BD3B2FDC5D6 /* Sources */,
				0B4898D8EC290F9C430BCEE0 /* Resources */,
			);
			buildRules = (
			);
			dependencies = (
			);
			name = FitSnack;
			packageProductDependencies = (
			);
			productName = FitSnack;
			productReference = B3D066D1A3C0D0557854B89E /* FitSnack.app */;
			productType = "com.apple.product-type.application";
		};
/* End PBXNativeTarget section */

/* Begin PBXProject section */
		F796DC5324AD8BF56CF833C4 /* Project object */ = {
			isa = PBXProject;
			attributes = {
				BuildIndependentTargetsInParallel = YES;
				LastUpgradeCheck = 1630;
				TargetAttributes = {
					FB90F3FA67B592252B2B0550 = {
						DevelopmentTeam = "";
					};
					FE8D7B658C9E5215A93D7521 = {
						DevelopmentTeam = "";
					};
				};
			};
			buildConfigurationList = 0DE204E65E52D14FBF87D409 /* Build configuration list for PBXProject "FitSnack" */;
			developmentRegion = en;
			hasScannedForEncodings = 0;
			knownRegions = (
				Base,
				en,
			);
			mainGroup = 243A3ED7AE8960087FAAA6D3;
			minimizedProjectReferenceProxies = 1;
			preferredProjectObjectVersion = 77;
			productRefGroup = AEEDC6CF87EE2E74A5566690 /* Products */;
			projectDirPath = "";
			projectRoot = "";
			targets = (
				FE8D7B658C9E5215A93D7521 /* FitSnack */,
				FB90F3FA67B592252B2B0550 /* FitSnackTests */,
			);
		};
/* End PBXProject section */

/* Begin PBXResourcesBuildPhase section */
		0B4898D8EC290F9C430BCEE0 /* Resources */ = {
			isa = PBXResourcesBuildPhase;
			buildActionMask = 2147483647;
			files = (
				D995370F23B924FBF753B317 /* Assets.xcassets in Resources */,
				C3C49D659FC4DBE14CBFD35B /* Exercises.json in Resources */,
			);
			runOnlyForDeploymentPostprocessing = 0;
		};
/* End PBXResourcesBuildPhase section */

/* Begin PBXSourcesBuildPhase section */
		6C7D96036D9E3AF72B007FA5 /* Sources */ = {
			isa = PBXSourcesBuildPhase;
			buildActionMask = 2147483647;
			files = (
				F8BD2A85CC9A19EAE0752E57 /* ActiveSessionViewModelTests.swift in Sources */,
				62069971AFFFD5DF2D596C5E /* AdaptiveOverloadTests.swift in Sources */,
				6626C9AEA07C347630F117E6 /* AppStateTests.swift in Sources */,
				760085EAF091BBFF54D57DD2 /* AppleAuthServiceTests.swift in Sources */,
				FDB7CF5B9B871060E6016C58 /* ColdStartHandoffTests.swift in Sources */,
				1F3F4AE451DE5F567C42424C /* ColdStartSeedingTests.swift in Sources */,
				8E247DDDFCCA383AF475DF88 /* ConsistencyScoreTests.swift in Sources */,
				094AF2DB0441BB8C409951DD /* ConsistencyTrendTests.swift in Sources */,
				FC840A06A1628A168D49FE7A /* CoreDataServicesTests.swift in Sources */,
				BFF9D402B05ACEBE3A4EB970 /* DefaultDurationLearningTests.swift in Sources */,
				5FD94CEF02C4F03894F303FE /* DeterministicSessionPolicyServiceTests.swift in Sources */,
				4D7C2C0C79B38C22E6145D99 /* EnumsTests.swift in Sources */,
				3039EFC728F8E3C94FDFEA7A /* ExerciseLibraryTests.swift in Sources */,
				DF8560F0C541ACA1C94C6B27 /* ExercisePoolFilterTests.swift in Sources */,
				96A261903B09D0C7BCA5FE9F /* ExerciseServiceTests.swift in Sources */,
				A02D5CE98D06F330380E390C /* ExerciseSwapTests.swift in Sources */,
				DED1C585AB85C93C50D05C77 /* FirstWeekContrastTests.swift in Sources */,
				B15BC894ABD0B6D7E9997BC1 /* HealthKitWorkoutSampleTests.swift in Sources */,
				3796B458B3566E68D8524051 /* ModelsTests.swift in Sources */,
				2BBF069538FEA1EE58CE438B /* MovementPatternFocusTests.swift in Sources */,
				E5AF0BE7C84F632AE2185AFE /* OnboardingInjuryVocabularyTests.swift in Sources */,
				956119F5EDB46F1354A7B3F9 /* OnboardingViewModelTests.swift in Sources */,
				95E9373133B1CAC1F3D04701 /* PaywallViewModelTests.swift in Sources */,
				3513401F60C0E15E83B8966C /* PersistenceTests.swift in Sources */,
				D2C004E756CED9B27703B07C /* PhaseEvaluatorTests.swift in Sources */,
				66A9889E4D9667B6762D57E7 /* PillarBalanceTests.swift in Sources */,
				50BDB63F4E5CD5A381CAD714 /* PlateauDiagnosisTests.swift in Sources */,
				3B7D358BB8549795547A2101 /* PolicyNoteTests.swift in Sources */,
				DB2E723D642EE26BA5D315D9 /* ProgressAnalyticsTests.swift in Sources */,
				531CC631CF466CEC0E490B92 /* ProgressViewModelTests.swift in Sources */,
				7791FBFB02D513F67F033F10 /* ProgressionChainSelectionTests.swift in Sources */,
				71996E7D2E2440B335CE46F5 /* ProxyVarietyLanguageProviderTests.swift in Sources */,
				B7BE6DBD4A1DA15034F31BEA /* ReadyViewModelTests.swift in Sources */,
				629AF1D38DB053DB6974D80A /* ReprogramTriggerDetectionTests.swift in Sources */,
				BA09C70FABE768B89DE124E8 /* ReprogramTriggerTests.swift in Sources */,
				B996721DB87CA137E42FDFB6 /* ReturnOverrideTests.swift in Sources */,
				A65E0383DC18360A4F1A3264 /* ScaffoldTests.swift in Sources */,
				BBED41A70FE8A560D5D30010 /* ServiceContainerTests.swift in Sources */,
				2FA7F3AC568F1398703F452E /* SessionAssemblyTests.swift in Sources */,
				DA55E6A9690A0FBC92147DD8 /* SessionCompletionServiceTests.swift in Sources */,
				A88A9355E1EF01559DDF58C4 /* SessionPolicyServiceTests.swift in Sources */,
				FEC7E29015504CCA1700F94C /* SessionPolicyTests.swift in Sources */,
				AA442776522E0F4B39981482 /* SessionShapeSelectionTests.swift in Sources */,
				FC49F98FBDCE6F047F9D1078 /* SessionSummaryTests.swift in Sources */,
				59B416DEDD4E3B40074C97C2 /* StoreKitSubscriptionServiceTests.swift in Sources */,
				4B9EA5EA44B463B4D3D884B9 /* USE01RangeEvidenceTests.swift in Sources */,
				6A218325DC3672EC25F31272 /* VarietyLanguageTests.swift in Sources */,
			);
			runOnlyForDeploymentPostprocessing = 0;
		};
		7D140B8666120BD3B2FDC5D6 /* Sources */ = {
			isa = PBXSourcesBuildPhase;
			buildActionMask = 2147483647;
			files = (
				70B218D2C8A8567D311D894B /* ActiveSessionState.swift in Sources */,
				4D0867101D386A75E54F4865 /* ActiveSessionStore.swift in Sources */,
				98E975D4031577FB76028AA4 /* ActiveSessionView.swift in Sources */,
				92A8137D00E5C8EFEE2CB5E7 /* ActiveSessionViewModel.swift in Sources */,
				549827B470E8067A0E28ECB5 /* AdaptiveOverload.swift in Sources */,
				3E613AE157C5D162C971D3C3 /* AppState.swift in Sources */,
				1B561F60BFA77F75B395CAC1 /* AppleAuthService.swift in Sources */,
				F45458CF9BA5F98B33CF6BC0 /* AppleSignInAuthorizing.swift in Sources */,
				9B107FA153A6688AEB644F11 /* AuthCredentialStore.swift in Sources */,
				838DF39B5921A49D8E3AA35C /* CDActiveSession.swift in Sources */,
				30876E3D75E91139E3CFD299 /* CDSessionPolicy.swift in Sources */,
				CBF639EBC54B6E26F6F0B639 /* CDUser.swift in Sources */,
				4AA0381493052AA2BC68DAE6 /* CDWorkoutLog.swift in Sources */,
				8DAC8D15FC838FD4F7E23AB8 /* ColdStartHandoff.swift in Sources */,
				ADC8BF8154D72A7303610149 /* ColdStartOverride.swift in Sources */,
				E773E912D35AF8D4DF69C07A /* ConsistencyScore.swift in Sources */,
				EAD37447CEDB0631F5BFABFF /* ConsistencyTrend.swift in Sources */,
				32D91952D4A8C709A1544FA0 /* CoreDataActiveSessionStore.swift in Sources */,
				701A91114F9934EECE82782D /* CoreDataSessionPolicyStore.swift in Sources */,
				68B324E5201C679D40A0879F /* CoreDataUserService.swift in Sources */,
				580BBD7F21FE9C6C9522272B /* CoreDataWorkoutLogService.swift in Sources */,
				86684ACA73EC316C94560363 /* DefaultDurationLearning.swift in Sources */,
				2E071AD16D4ED94C69811876 /* DeterministicSessionPolicyService.swift in Sources */,
				12AD743EF8B9F2EB8F6C818E /* Enums.swift in Sources */,
				2FBA69D3EEA7CFE0358AF4F2 /* Exercise.swift in Sources */,
				28A46C3A28D69EF61CF35BC8 /* ExercisePoolFilter.swift in Sources */,
				603C0331116E1A755CB8A1B6 /* ExerciseSwap.swift in Sources */,
				E3B83CBCB81B582C11176556 /* FitSnack.xcdatamodeld in Sources */,
				4A1E7F804F876B660601C35A /* FitSnackApp.swift in Sources */,
				B1651851D678848B74BA71C1 /* HealthKitService.swift in Sources */,
				0C6DFAF447196E9C5F4CD45C /* HealthKitWorkoutSample.swift in Sources */,
				49FE96A71C1A134F13F286C8 /* LiveStoreKitFacade.swift in Sources */,
				5FB8EA256F9A84D2E3D35D20 /* MockExerciseService.swift in Sources */,
				56ACE22E76123F4CD6E81C76 /* MockPersistence.swift in Sources */,
				EDF008F85D1B0F4194F59D83 /* MockServices.swift in Sources */,
				57540F4158981BAFC73FB0C3 /* MovementPatternFocus.swift in Sources */,
				AE5F1F1D65B368FF1E9B52C2 /* OnboardingView.swift in Sources */,
				C774464B27081A5DC1123219 /* OnboardingViewModel.swift in Sources */,
				EA4B324656200DEEAE050EA3 /* PaywallView.swift in Sources */,
				4817C47C7A8DC93B092F119B /* PaywallViewModel.swift in Sources */,
				33932CCDAFF9E413D0259734 /* PersistenceCoding.swift in Sources */,
				9CE895E2C38D07AE42CE8995 /* PersistenceController.swift in Sources */,
				FFF86E25EC866765734628D4 /* PhaseEvaluator.swift in Sources */,
				07611EF80B3EC66A91059CE3 /* PillarBalance.swift in Sources */,
				1EF0770DC07230E331375E07 /* PlateauDiagnosis.swift in Sources */,
				17B380CAE95DB0913BD29237 /* PolicyNote.swift in Sources */,
				1BD73CAAF550F549E0191E59 /* ProgressAnalytics.swift in Sources */,
				329CF27C4A7185154F32F374 /* ProgressTabView.swift in Sources */,
				E3D8AC8FFEA9C9867CD072DC /* ProgressViewModel.swift in Sources */,
				FD3BFA9C2C27066FEAC83404 /* ProgressionChainSelection.swift in Sources */,
				1F6322D52380E23273F8587E /* ProxyVarietyLanguageProvider.swift in Sources */,
				4F77D07E60391076ADF82D36 /* ReadyView.swift in Sources */,
				660E71AA9AF210A9A2312407 /* ReadyViewModel.swift in Sources */,
				7963EFDF3AC7288382F33A8C /* ReprogramTrigger.swift in Sources */,
				611D18019B8B9D726DE61A43 /* ReprogramTriggerDetection.swift in Sources */,
				AA74A6C3A05461A80671BAF3 /* RestTimerFeedback.swift in Sources */,
				B283B26C743D4FDCF864D536 /* ReturnOverride.swift in Sources */,
				D82A7E8789A11C0DAC1B6AF8 /* RootView.swift in Sources */,
				090B889E5B861570BA17591C /* ServiceContainer.swift in Sources */,
				CA4EA03C78B1E3F00DB6AE18 /* ServiceProtocols.swift in Sources */,
				6BC55104116EFD0AC49BD284 /* SessionAssembly.swift in Sources */,
				0E444602C9858D9B371A9037 /* SessionCompletionService.swift in Sources */,
				E25A04BCAF9CA6C02A7C75B5 /* SessionPolicy.swift in Sources */,
				FA92EF45D21DA58F4D039022 /* SessionShapeSelection.swift in Sources */,
				5090463FB7DC58B90582CDE5 /* SessionSummary.swift in Sources */,
				BA7CFAD7D4750179E076E8AA /* StoreKitFacade.swift in Sources */,
				77F1F308E44FD4776C8D427C /* StoreKitSubscriptionService.swift in Sources */,
				EB6B5DBFE2430F18AC7AEB32 /* SubscriptionPlan.swift in Sources */,
				65B30A27EBC5CB1CACBA6C33 /* Theme.swift in Sources */,
				E983D431A9A450B2A096C2EC /* User.swift in Sources */,
				A406E1DF61040E1CE8F32693 /* VarietyLanguage.swift in Sources */,
				29C93798CF32DE1DE8467A90 /* VarietyLanguageResolver.swift in Sources */,
				042A853E49170C21D7F188F0 /* Workout.swift in Sources */,
				9C8F27A808A53D73C791F956 /* WorkoutLog.swift in Sources */,
			);
			runOnlyForDeploymentPostprocessing = 0;
		};
/* End PBXSourcesBuildPhase section */

/* Begin PBXTargetDependency section */
		6FB8D32A71D298A88D227FD4 /* PBXTargetDependency */ = {
			isa = PBXTargetDependency;
			target = FE8D7B658C9E5215A93D7521 /* FitSnack */;
			targetProxy = B3F236BAE2A7259636574D65 /* PBXContainerItemProxy */;
		};
/* End PBXTargetDependency section */

/* Begin XCBuildConfiguration section */
		268C8435363038EF3CF2FBAC /* Release */ = {
			isa = XCBuildConfiguration;
			buildSettings = {
				BUNDLE_LOADER = "$(TEST_HOST)";
				GENERATE_INFOPLIST_FILE = YES;
				LD_RUNPATH_SEARCH_PATHS = (
					"$(inherited)",
					"@executable_path/Frameworks",
					"@loader_path/Frameworks",
				);
				PRODUCT_BUNDLE_IDENTIFIER = com.fitsnack.app.tests;
				SDKROOT = iphoneos;
				TARGETED_DEVICE_FAMILY = "1,2";
				TEST_HOST = "$(BUILT_PRODUCTS_DIR)/FitSnack.app/FitSnack";
			};
			name = Release;
		};
		5F738FC3F7381DE5F1940E97 /* Release */ = {
			isa = XCBuildConfiguration;
			buildSettings = {
				ALWAYS_SEARCH_USER_PATHS = NO;
				CLANG_ANALYZER_NONNULL = YES;
				CLANG_ANALYZER_NUMBER_OBJECT_CONVERSION = YES_AGGRESSIVE;
				CLANG_CXX_LANGUAGE_STANDARD = "gnu++14";
				CLANG_CXX_LIBRARY = "libc++";
				CLANG_ENABLE_MODULES = YES;
				CLANG_ENABLE_OBJC_ARC = YES;
				CLANG_ENABLE_OBJC_WEAK = YES;
				CLANG_WARN_BLOCK_CAPTURE_AUTORELEASING = YES;
				CLANG_WARN_BOOL_CONVERSION = YES;
				CLANG_WARN_COMMA = YES;
				CLANG_WARN_CONSTANT_CONVERSION = YES;
				CLANG_WARN_DEPRECATED_OBJC_IMPLEMENTATIONS = YES;
				CLANG_WARN_DIRECT_OBJC_ISA_USAGE = YES_ERROR;
				CLANG_WARN_DOCUMENTATION_COMMENTS = YES;
				CLANG_WARN_EMPTY_BODY = YES;
				CLANG_WARN_ENUM_CONVERSION = YES;
				CLANG_WARN_INFINITE_RECURSION = YES;
				CLANG_WARN_INT_CONVERSION = YES;
				CLANG_WARN_NON_LITERAL_NULL_CONVERSION = YES;
				CLANG_WARN_OBJC_IMPLICIT_RETAIN_SELF = YES;
				CLANG_WARN_OBJC_LITERAL_CONVERSION = YES;
				CLANG_WARN_OBJC_ROOT_CLASS = YES_ERROR;
				CLANG_WARN_QUOTED_INCLUDE_IN_FRAMEWORK_HEADER = YES;
				CLANG_WARN_RANGE_LOOP_ANALYSIS = YES;
				CLANG_WARN_STRICT_PROTOTYPES = YES;
				CLANG_WARN_SUSPICIOUS_MOVE = YES;
				CLANG_WARN_UNGUARDED_AVAILABILITY = YES_AGGRESSIVE;
				CLANG_WARN_UNREACHABLE_CODE = YES;
				CLANG_WARN__DUPLICATE_METHOD_MATCH = YES;
				COPY_PHASE_STRIP = NO;
				DEBUG_INFORMATION_FORMAT = "dwarf-with-dsym";
				DEVELOPMENT_TEAM = "";
				ENABLE_NS_ASSERTIONS = NO;
				ENABLE_STRICT_OBJC_MSGSEND = YES;
				GCC_C_LANGUAGE_STANDARD = gnu11;
				GCC_NO_COMMON_BLOCKS = YES;
				GCC_WARN_64_TO_32_BIT_CONVERSION = YES;
				GCC_WARN_ABOUT_RETURN_TYPE = YES_ERROR;
				GCC_WARN_UNDECLARED_SELECTOR = YES;
				GCC_WARN_UNINITIALIZED_AUTOS = YES_AGGRESSIVE;
				GCC_WARN_UNUSED_FUNCTION = YES;
				GCC_WARN_UNUSED_VARIABLE = YES;
				IPHONEOS_DEPLOYMENT_TARGET = 17.0;
				MTL_ENABLE_DEBUG_INFO = NO;
				MTL_FAST_MATH = YES;
				PRODUCT_NAME = "$(TARGET_NAME)";
				SDKROOT = iphoneos;
				SWIFT_COMPILATION_MODE = wholemodule;
				SWIFT_OPTIMIZATION_LEVEL = "-O";
				SWIFT_VERSION = 5.9;
			};
			name = Release;
		};
		62E2A125374618AF72450900 /* Debug */ = {
			isa = XCBuildConfiguration;
			buildSettings = {
				ALWAYS_SEARCH_USER_PATHS = NO;
				CLANG_ANALYZER_NONNULL = YES;
				CLANG_ANALYZER_NUMBER_OBJECT_CONVERSION = YES_AGGRESSIVE;
				CLANG_CXX_LANGUAGE_STANDARD = "gnu++14";
				CLANG_CXX_LIBRARY = "libc++";
				CLANG_ENABLE_MODULES = YES;
				CLANG_ENABLE_OBJC_ARC = YES;
				CLANG_ENABLE_OBJC_WEAK = YES;
				CLANG_WARN_BLOCK_CAPTURE_AUTORELEASING = YES;
				CLANG_WARN_BOOL_CONVERSION = YES;
				CLANG_WARN_COMMA = YES;
				CLANG_WARN_CONSTANT_CONVERSION = YES;
				CLANG_WARN_DEPRECATED_OBJC_IMPLEMENTATIONS = YES;
				CLANG_WARN_DIRECT_OBJC_ISA_USAGE = YES_ERROR;
				CLANG_WARN_DOCUMENTATION_COMMENTS = YES;
				CLANG_WARN_EMPTY_BODY = YES;
				CLANG_WARN_ENUM_CONVERSION = YES;
				CLANG_WARN_INFINITE_RECURSION = YES;
				CLANG_WARN_INT_CONVERSION = YES;
				CLANG_WARN_NON_LITERAL_NULL_CONVERSION = YES;
				CLANG_WARN_OBJC_IMPLICIT_RETAIN_SELF = YES;
				CLANG_WARN_OBJC_LITERAL_CONVERSION = YES;
				CLANG_WARN_OBJC_ROOT_CLASS = YES_ERROR;
				CLANG_WARN_QUOTED_INCLUDE_IN_FRAMEWORK_HEADER = YES;
				CLANG_WARN_RANGE_LOOP_ANALYSIS = YES;
				CLANG_WARN_STRICT_PROTOTYPES = YES;
				CLANG_WARN_SUSPICIOUS_MOVE = YES;
				CLANG_WARN_UNGUARDED_AVAILABILITY = YES_AGGRESSIVE;
				CLANG_WARN_UNREACHABLE_CODE = YES;
				CLANG_WARN__DUPLICATE_METHOD_MATCH = YES;
				COPY_PHASE_STRIP = NO;
				DEBUG_INFORMATION_FORMAT = dwarf;
				DEVELOPMENT_TEAM = "";
				ENABLE_STRICT_OBJC_MSGSEND = YES;
				ENABLE_TESTABILITY = YES;
				GCC_C_LANGUAGE_STANDARD = gnu11;
				GCC_DYNAMIC_NO_PIC = NO;
				GCC_NO_COMMON_BLOCKS = YES;
				GCC_OPTIMIZATION_LEVEL = 0;
				GCC_PREPROCESSOR_DEFINITIONS = (
					"$(inherited)",
					"DEBUG=1",
				);
				GCC_WARN_64_TO_32_BIT_CONVERSION = YES;
				GCC_WARN_ABOUT_RETURN_TYPE = YES_ERROR;
				GCC_WARN_UNDECLARED_SELECTOR = YES;
				GCC_WARN_UNINITIALIZED_AUTOS = YES_AGGRESSIVE;
				GCC_WARN_UNUSED_FUNCTION = YES;
				GCC_WARN_UNUSED_VARIABLE = YES;
				IPHONEOS_DEPLOYMENT_TARGET = 17.0;
				MTL_ENABLE_DEBUG_INFO = INCLUDE_SOURCE;
				MTL_FAST_MATH = YES;
				ONLY_ACTIVE_ARCH = YES;
				PRODUCT_NAME = "$(TARGET_NAME)";
				SDKROOT = iphoneos;
				SWIFT_ACTIVE_COMPILATION_CONDITIONS = DEBUG;
				SWIFT_OPTIMIZATION_LEVEL = "-Onone";
				SWIFT_VERSION = 5.9;
			};
			name = Debug;
		};
		9F02DF03FBEF050AC98D12CC /* Debug */ = {
			isa = XCBuildConfiguration;
			buildSettings = {
				ASSETCATALOG_COMPILER_APPICON_NAME = AppIcon;
				ASSETCATALOG_COMPILER_GLOBAL_ACCENT_COLOR_NAME = AccentColor;
				CODE_SIGN_ENTITLEMENTS = FitSnack/FitSnack.entitlements;
				CODE_SIGN_IDENTITY = "iPhone Developer";
				CURRENT_PROJECT_VERSION = 1;
				GENERATE_INFOPLIST_FILE = YES;
				INFOPLIST_FILE = FitSnack/Info.plist;
				INFOPLIST_KEY_UIApplicationSceneManifest_Generation = YES;
				INFOPLIST_KEY_UIApplicationSupportsIndirectInputEvents = YES;
				INFOPLIST_KEY_UILaunchScreen_Generation = YES;
				INFOPLIST_KEY_UISupportedInterfaceOrientations_iPhone = UIInterfaceOrientationPortrait;
				LD_RUNPATH_SEARCH_PATHS = (
					"$(inherited)",
					"@executable_path/Frameworks",
				);
				MARKETING_VERSION = 1.0.0;
				PRODUCT_BUNDLE_IDENTIFIER = com.fitsnack.app;
				SDKROOT = iphoneos;
				TARGETED_DEVICE_FAMILY = "1,2";
			};
			name = Debug;
		};
		D7AF73F85781F72B63525A92 /* Debug */ = {
			isa = XCBuildConfiguration;
			buildSettings = {
				BUNDLE_LOADER = "$(TEST_HOST)";
				GENERATE_INFOPLIST_FILE = YES;
				LD_RUNPATH_SEARCH_PATHS = (
					"$(inherited)",
					"@executable_path/Frameworks",
					"@loader_path/Frameworks",
				);
				PRODUCT_BUNDLE_IDENTIFIER = com.fitsnack.app.tests;
				SDKROOT = iphoneos;
				TARGETED_DEVICE_FAMILY = "1,2";
				TEST_HOST = "$(BUILT_PRODUCTS_DIR)/FitSnack.app/FitSnack";
			};
			name = Debug;
		};
		FF4C5C8F08BCF3F5469C1175 /* Release */ = {
			isa = XCBuildConfiguration;
			buildSettings = {
				ASSETCATALOG_COMPILER_APPICON_NAME = AppIcon;
				ASSETCATALOG_COMPILER_GLOBAL_ACCENT_COLOR_NAME = AccentColor;
				CODE_SIGN_ENTITLEMENTS = FitSnack/FitSnack.entitlements;
				CODE_SIGN_IDENTITY = "iPhone Developer";
				CURRENT_PROJECT_VERSION = 1;
				GENERATE_INFOPLIST_FILE = YES;
				INFOPLIST_FILE = FitSnack/Info.plist;
				INFOPLIST_KEY_UIApplicationSceneManifest_Generation = YES;
				INFOPLIST_KEY_UIApplicationSupportsIndirectInputEvents = YES;
				INFOPLIST_KEY_UILaunchScreen_Generation = YES;
				INFOPLIST_KEY_UISupportedInterfaceOrientations_iPhone = UIInterfaceOrientationPortrait;
				LD_RUNPATH_SEARCH_PATHS = (
					"$(inherited)",
					"@executable_path/Frameworks",
				);
				MARKETING_VERSION = 1.0.0;
				PRODUCT_BUNDLE_IDENTIFIER = com.fitsnack.app;
				SDKROOT = iphoneos;
				TARGETED_DEVICE_FAMILY = "1,2";
			};
			name = Release;
		};
/* End XCBuildConfiguration section */

/* Begin XCConfigurationList section */
		0DE204E65E52D14FBF87D409 /* Build configuration list for PBXProject "FitSnack" */ = {
			isa = XCConfigurationList;
			buildConfigurations = (
				62E2A125374618AF72450900 /* Debug */,
				5F738FC3F7381DE5F1940E97 /* Release */,
			);
			defaultConfigurationIsVisible = 0;
			defaultConfigurationName = Debug;
		};
		16B72D738C87257C8E68133B /* Build configuration list for PBXNativeTarget "FitSnackTests" */ = {
			isa = XCConfigurationList;
			buildConfigurations = (
				D7AF73F85781F72B63525A92 /* Debug */,
				268C8435363038EF3CF2FBAC /* Release */,
			);
			defaultConfigurationIsVisible = 0;
			defaultConfigurationName = Debug;
		};
		20C11DC32CB00F20308A02A0 /* Build configuration list for PBXNativeTarget "FitSnack" */ = {
			isa = XCConfigurationList;
			buildConfigurations = (
				9F02DF03FBEF050AC98D12CC /* Debug */,
				FF4C5C8F08BCF3F5469C1175 /* Release */,
			);
			defaultConfigurationIsVisible = 0;
			defaultConfigurationName = Debug;
		};
/* End XCConfigurationList section */

/* Begin XCVersionGroup section */
		E859C6A36E26C0B92E5D4614 /* FitSnack.xcdatamodeld */ = {
			isa = XCVersionGroup;
			children = (
				58C8E87DCE232242DB67AE62 /* FitSnack.xcdatamodel */,
			);
			currentVersion = 58C8E87DCE232242DB67AE62 /* FitSnack.xcdatamodel */;
			path = FitSnack.xcdatamodeld;
			sourceTree = "<group>";
			versionGroupType = wrapper.xcdatamodel;
		};
/* End XCVersionGroup section */
	};
	rootObject = F796DC5324AD8BF56CF833C4 /* Project object */;
}
